// !$*UTF8*$!
{
	archiveVersion = 1;
	classes = {
	};
	objectVersion = 46;
	objects = {

/* Begin PBXBuildFile section */
		1383DE0B190A5B8100FEBAC0 /* RAVPetCell.m in Sources */ = {isa = PBXBuildFile; fileRef = 1383DE0A190A5B8100FEBAC0 /* RAVPetCell.m */; };
		1383DE0D190A5BBD00FEBAC0 /* RAVPetCell.xib in Resources */ = {isa = PBXBuildFile; fileRef = 1383DE0C190A5BBD00FEBAC0 /* RAVPetCell.xib */; };
		1383DE10190A5C7500FEBAC0 /* RAVPetPresenter.m in Sources */ = {isa = PBXBuildFile; fileRef = 1383DE0F190A5C7500FEBAC0 /* RAVPetPresenter.m */; };
		1383DE13190A5D9F00FEBAC0 /* RAVExampleDataSource.m in Sources */ = {isa = PBXBuildFile; fileRef = 1383DE12190A5D9F00FEBAC0 /* RAVExampleDataSource.m */; };
		138F70FF1909155600F3338D /* EKFieldMapping.m in Sources */ = {isa = PBXBuildFile; fileRef = 138F70F11909155600F3338D /* EKFieldMapping.m */; };
		138F71001909155600F3338D /* EKManagedObjectMapping.m in Sources */ = {isa = PBXBuildFile; fileRef = 138F70F31909155600F3338D /* EKManagedObjectMapping.m */; };
		138F71011909155600F3338D /* EKMapper.m in Sources */ = {isa = PBXBuildFile; fileRef = 138F70F51909155600F3338D /* EKMapper.m */; };
		138F71021909155600F3338D /* EKObjectMapping.m in Sources */ = {isa = PBXBuildFile; fileRef = 138F70F81909155600F3338D /* EKObjectMapping.m */; };
		138F71031909155600F3338D /* EKPropertyHelper.m in Sources */ = {isa = PBXBuildFile; fileRef = 138F70FA1909155600F3338D /* EKPropertyHelper.m */; };
		138F71041909155600F3338D /* EKSerializer.m in Sources */ = {isa = PBXBuildFile; fileRef = 138F70FC1909155600F3338D /* EKSerializer.m */; };
		138F71051909155600F3338D /* EKTransformer.m in Sources */ = {isa = PBXBuildFile; fileRef = 138F70FE1909155600F3338D /* EKTransformer.m */; };
		138F7108190915C300F3338D /* Persons.plist in Resources */ = {isa = PBXBuildFile; fileRef = 138F7107190915C300F3338D /* Persons.plist */; };
		138F710A1909167600F3338D /* Pets.plist in Resources */ = {isa = PBXBuildFile; fileRef = 138F71091909167600F3338D /* Pets.plist */; };
		138F710D1909172000F3338D /* RAVPetModel.m in Sources */ = {isa = PBXBuildFile; fileRef = 138F710C1909172000F3338D /* RAVPetModel.m */; };
		138F71101909174400F3338D /* RAVPersonModel.m in Sources */ = {isa = PBXBuildFile; fileRef = 138F710F1909174400F3338D /* RAVPersonModel.m */; };
		138F7114190917BD00F3338D /* RAVDataLoader.m in Sources */ = {isa = PBXBuildFile; fileRef = 138F7113190917BD00F3338D /* RAVDataLoader.m */; };
		138F7117190917DD00F3338D /* RAVMappingFactory.m in Sources */ = {isa = PBXBuildFile; fileRef = 138F7116190917DD00F3338D /* RAVMappingFactory.m */; };
		138F711E19091E2500F3338D /* RAVPersonCell.m in Sources */ = {isa = PBXBuildFile; fileRef = 138F711C19091E2500F3338D /* RAVPersonCell.m */; };
		138F711F19091E2500F3338D /* RAVPersonCell.xib in Resources */ = {isa = PBXBuildFile; fileRef = 138F711D19091E2500F3338D /* RAVPersonCell.xib */; };
		138F712219091E5E00F3338D /* RAVCellBase.m in Sources */ = {isa = PBXBuildFile; fileRef = 138F712119091E5E00F3338D /* RAVCellBase.m */; };
		138F712519091EBB00F3338D /* NSObject+Runtime.m in Sources */ = {isa = PBXBuildFile; fileRef = 138F712419091EBB00F3338D /* NSObject+Runtime.m */; };
		138F71281909235C00F3338D /* RAVPersonPresenter.m in Sources */ = {isa = PBXBuildFile; fileRef = 138F71271909235C00F3338D /* RAVPersonPresenter.m */; };
		13A697851963BB1A00407D57 /* TCTPresenter.m in Sources */ = {isa = PBXBuildFile; fileRef = 13A697841963BB1A00407D57 /* TCTPresenter.m */; };
		13A697881963BB3E00407D57 /* TCTCellModel.m in Sources */ = {isa = PBXBuildFile; fileRef = 13A697871963BB3E00407D57 /* TCTCellModel.m */; };
		13A6978B1963BB5400407D57 /* TCTViewModel.m in Sources */ = {isa = PBXBuildFile; fileRef = 13A6978A1963BB5400407D57 /* TCTViewModel.m */; };
		13A6978E1963BB7C00407D57 /* TCTViewPresenter.m in Sources */ = {isa = PBXBuildFile; fileRef = 13A6978D1963BB7C00407D57 /* TCTViewPresenter.m */; };
		13A697911963BD2E00407D57 /* RAVTableControllerPresentersTests.m in Sources */ = {isa = PBXBuildFile; fileRef = 13A697901963BD2E00407D57 /* RAVTableControllerPresentersTests.m */; };
		13B4609919077B60008E953C /* Foundation.framework in Frameworks */ = {isa = PBXBuildFile; fileRef = 13B4609819077B60008E953C /* Foundation.framework */; };
		13B4609B19077B60008E953C /* CoreGraphics.framework in Frameworks */ = {isa = PBXBuildFile; fileRef = 13B4609A19077B60008E953C /* CoreGraphics.framework */; };
		13B4609D19077B60008E953C /* UIKit.framework in Frameworks */ = {isa = PBXBuildFile; fileRef = 13B4609C19077B60008E953C /* UIKit.framework */; };
		13B460A319077B60008E953C /* InfoPlist.strings in Resources */ = {isa = PBXBuildFile; fileRef = 13B460A119077B60008E953C /* InfoPlist.strings */; };
		13B460A519077B60008E953C /* main.m in Sources */ = {isa = PBXBuildFile; fileRef = 13B460A419077B60008E953C /* main.m */; };
		13B460A919077B60008E953C /* RAVAppDelegate.m in Sources */ = {isa = PBXBuildFile; fileRef = 13B460A819077B60008E953C /* RAVAppDelegate.m */; };
		13B460AC19077B60008E953C /* Main.storyboard in Resources */ = {isa = PBXBuildFile; fileRef = 13B460AA19077B60008E953C /* Main.storyboard */; };
		13B460AF19077B60008E953C /* RAVViewController.m in Sources */ = {isa = PBXBuildFile; fileRef = 13B460AE19077B60008E953C /* RAVViewController.m */; };
		13B460B119077B60008E953C /* Images.xcassets in Resources */ = {isa = PBXBuildFile; fileRef = 13B460B019077B60008E953C /* Images.xcassets */; };
		13B460B819077B60008E953C /* XCTest.framework in Frameworks */ = {isa = PBXBuildFile; fileRef = 13B460B719077B60008E953C /* XCTest.framework */; };
		13B460B919077B60008E953C /* Foundation.framework in Frameworks */ = {isa = PBXBuildFile; fileRef = 13B4609819077B60008E953C /* Foundation.framework */; };
		13B460BA19077B60008E953C /* UIKit.framework in Frameworks */ = {isa = PBXBuildFile; fileRef = 13B4609C19077B60008E953C /* UIKit.framework */; };
		13B460C219077B60008E953C /* InfoPlist.strings in Resources */ = {isa = PBXBuildFile; fileRef = 13B460C019077B60008E953C /* InfoPlist.strings */; };
		13B460C419077B60008E953C /* TableControllerTests.m in Sources */ = {isa = PBXBuildFile; fileRef = 13B460C319077B60008E953C /* TableControllerTests.m */; };
		13B460D019077C4E008E953C /* RAVTableController.m in Sources */ = {isa = PBXBuildFile; fileRef = 13B460CF19077C4E008E953C /* RAVTableController.m */; };
		13B460D619077C79008E953C /* RAVCellPresenter.m in Sources */ = {isa = PBXBuildFile; fileRef = 13B460D519077C79008E953C /* RAVCellPresenter.m */; };
		13B460D919077C91008E953C /* RAVSectionHeaderViewPresenter.m in Sources */ = {isa = PBXBuildFile; fileRef = 13B460D819077C91008E953C /* RAVSectionHeaderViewPresenter.m */; };
		13B460DC19077CA2008E953C /* RAVSectionFooterViewPresenter.m in Sources */ = {isa = PBXBuildFile; fileRef = 13B460DB19077CA2008E953C /* RAVSectionFooterViewPresenter.m */; };
		13B460E119077F1D008E953C /* RAVTableControllerListModelMemory.m in Sources */ = {isa = PBXBuildFile; fileRef = 13B460E019077F1D008E953C /* RAVTableControllerListModelMemory.m */; };
		13B460E419078133008E953C /* RAVTableControllerSectionModelMemory.m in Sources */ = {isa = PBXBuildFile; fileRef = 13B460E319078133008E953C /* RAVTableControllerSectionModelMemory.m */; };
/* End PBXBuildFile section */

/* Begin PBXContainerItemProxy section */
		13B460BB19077B60008E953C /* PBXContainerItemProxy */ = {
			isa = PBXContainerItemProxy;
			containerPortal = 13B4608D19077B60008E953C /* Project object */;
			proxyType = 1;
			remoteGlobalIDString = 13B4609419077B60008E953C;
			remoteInfo = TableController;
		};
/* End PBXContainerItemProxy section */

/* Begin PBXFileReference section */
		13415A64192B0EDE000DF7EC /* RAVTableControllerListModelP.h */ = {isa = PBXFileReference; lastKnownFileType = sourcecode.c.h; path = RAVTableControllerListModelP.h; sourceTree = "<group>"; };
		13415A65192B0F2E000DF7EC /* RAVTableControllerSectionModelP.h */ = {isa = PBXFileReference; lastKnownFileType = sourcecode.c.h; path = RAVTableControllerSectionModelP.h; sourceTree = "<group>"; };
		1383DE09190A5B8100FEBAC0 /* RAVPetCell.h */ = {isa = PBXFileReference; fileEncoding = 4; lastKnownFileType = sourcecode.c.h; path = RAVPetCell.h; sourceTree = "<group>"; };
		1383DE0A190A5B8100FEBAC0 /* RAVPetCell.m */ = {isa = PBXFileReference; fileEncoding = 4; lastKnownFileType = sourcecode.c.objc; path = RAVPetCell.m; sourceTree = "<group>"; };
		1383DE0C190A5BBD00FEBAC0 /* RAVPetCell.xib */ = {isa = PBXFileReference; fileEncoding = 4; lastKnownFileType = file.xib; path = RAVPetCell.xib; sourceTree = "<group>"; };
		1383DE0E190A5C7500FEBAC0 /* RAVPetPresenter.h */ = {isa = PBXFileReference; fileEncoding = 4; lastKnownFileType = sourcecode.c.h; path = RAVPetPresenter.h; sourceTree = "<group>"; };
		1383DE0F190A5C7500FEBAC0 /* RAVPetPresenter.m */ = {isa = PBXFileReference; fileEncoding = 4; lastKnownFileType = sourcecode.c.objc; path = RAVPetPresenter.m; sourceTree = "<group>"; };
		1383DE11190A5D9F00FEBAC0 /* RAVExampleDataSource.h */ = {isa = PBXFileReference; fileEncoding = 4; lastKnownFileType = sourcecode.c.h; path = RAVExampleDataSource.h; sourceTree = "<group>"; };
		1383DE12190A5D9F00FEBAC0 /* RAVExampleDataSource.m */ = {isa = PBXFileReference; fileEncoding = 4; lastKnownFileType = sourcecode.c.objc; path = RAVExampleDataSource.m; sourceTree = "<group>"; };
		13893B96193DD9B1008DB3A1 /* RAVSectionModelPresenterP.h */ = {isa = PBXFileReference; fileEncoding = 4; lastKnownFileType = sourcecode.c.h; path = RAVSectionModelPresenterP.h; sourceTree = "<group>"; };
		138F70EF1909155600F3338D /* EasyMapping.h */ = {isa = PBXFileReference; fileEncoding = 4; lastKnownFileType = sourcecode.c.h; path = EasyMapping.h; sourceTree = "<group>"; };
		138F70F01909155600F3338D /* EKFieldMapping.h */ = {isa = PBXFileReference; fileEncoding = 4; lastKnownFileType = sourcecode.c.h; path = EKFieldMapping.h; sourceTree = "<group>"; };
		138F70F11909155600F3338D /* EKFieldMapping.m */ = {isa = PBXFileReference; fileEncoding = 4; lastKnownFileType = sourcecode.c.objc; path = EKFieldMapping.m; sourceTree = "<group>"; };
		138F70F21909155600F3338D /* EKManagedObjectMapping.h */ = {isa = PBXFileReference; fileEncoding = 4; lastKnownFileType = sourcecode.c.h; path = EKManagedObjectMapping.h; sourceTree = "<group>"; };
		138F70F31909155600F3338D /* EKManagedObjectMapping.m */ = {isa = PBXFileReference; fileEncoding = 4; lastKnownFileType = sourcecode.c.objc; path = EKManagedObjectMapping.m; sourceTree = "<group>"; };
		138F70F41909155600F3338D /* EKMapper.h */ = {isa = PBXFileReference; fileEncoding = 4; lastKnownFileType = sourcecode.c.h; path = EKMapper.h; sourceTree = "<group>"; };
		138F70F51909155600F3338D /* EKMapper.m */ = {isa = PBXFileReference; fileEncoding = 4; lastKnownFileType = sourcecode.c.objc; path = EKMapper.m; sourceTree = "<group>"; };
		138F70F61909155600F3338D /* EKMappingBlocks.h */ = {isa = PBXFileReference; fileEncoding = 4; lastKnownFileType = sourcecode.c.h; path = EKMappingBlocks.h; sourceTree = "<group>"; };
		138F70F71909155600F3338D /* EKObjectMapping.h */ = {isa = PBXFileReference; fileEncoding = 4; lastKnownFileType = sourcecode.c.h; path = EKObjectMapping.h; sourceTree = "<group>"; };
		138F70F81909155600F3338D /* EKObjectMapping.m */ = {isa = PBXFileReference; fileEncoding = 4; lastKnownFileType = sourcecode.c.objc; path = EKObjectMapping.m; sourceTree = "<group>"; };
		138F70F91909155600F3338D /* EKPropertyHelper.h */ = {isa = PBXFileReference; fileEncoding = 4; lastKnownFileType = sourcecode.c.h; path = EKPropertyHelper.h; sourceTree = "<group>"; };
		138F70FA1909155600F3338D /* EKPropertyHelper.m */ = {isa = PBXFileReference; fileEncoding = 4; lastKnownFileType = sourcecode.c.objc; path = EKPropertyHelper.m; sourceTree = "<group>"; };
		138F70FB1909155600F3338D /* EKSerializer.h */ = {isa = PBXFileReference; fileEncoding = 4; lastKnownFileType = sourcecode.c.h; path = EKSerializer.h; sourceTree = "<group>"; };
		138F70FC1909155600F3338D /* EKSerializer.m */ = {isa = PBXFileReference; fileEncoding = 4; lastKnownFileType = sourcecode.c.objc; path = EKSerializer.m; sourceTree = "<group>"; };
		138F70FD1909155600F3338D /* EKTransformer.h */ = {isa = PBXFileReference; fileEncoding = 4; lastKnownFileType = sourcecode.c.h; path = EKTransformer.h; sourceTree = "<group>"; };
		138F70FE1909155600F3338D /* EKTransformer.m */ = {isa = PBXFileReference; fileEncoding = 4; lastKnownFileType = sourcecode.c.objc; path = EKTransformer.m; sourceTree = "<group>"; };
		138F7107190915C300F3338D /* Persons.plist */ = {isa = PBXFileReference; fileEncoding = 4; lastKnownFileType = text.plist.xml; path = Persons.plist; sourceTree = "<group>"; };
		138F71091909167600F3338D /* Pets.plist */ = {isa = PBXFileReference; fileEncoding = 4; lastKnownFileType = text.plist.xml; path = Pets.plist; sourceTree = "<group>"; };
		138F710B1909172000F3338D /* RAVPetModel.h */ = {isa = PBXFileReference; fileEncoding = 4; lastKnownFileType = sourcecode.c.h; path = RAVPetModel.h; sourceTree = "<group>"; };
		138F710C1909172000F3338D /* RAVPetModel.m */ = {isa = PBXFileReference; fileEncoding = 4; lastKnownFileType = sourcecode.c.objc; path = RAVPetModel.m; sourceTree = "<group>"; };
		138F710E1909174400F3338D /* RAVPersonModel.h */ = {isa = PBXFileReference; fileEncoding = 4; lastKnownFileType = sourcecode.c.h; path = RAVPersonModel.h; sourceTree = "<group>"; };
		138F710F1909174400F3338D /* RAVPersonModel.m */ = {isa = PBXFileReference; fileEncoding = 4; lastKnownFileType = sourcecode.c.objc; path = RAVPersonModel.m; sourceTree = "<group>"; };
		138F7112190917BD00F3338D /* RAVDataLoader.h */ = {isa = PBXFileReference; fileEncoding = 4; lastKnownFileType = sourcecode.c.h; path = RAVDataLoader.h; sourceTree = "<group>"; };
		138F7113190917BD00F3338D /* RAVDataLoader.m */ = {isa = PBXFileReference; fileEncoding = 4; lastKnownFileType = sourcecode.c.objc; path = RAVDataLoader.m; sourceTree = "<group>"; };
		138F7115190917DD00F3338D /* RAVMappingFactory.h */ = {isa = PBXFileReference; fileEncoding = 4; lastKnownFileType = sourcecode.c.h; path = RAVMappingFactory.h; sourceTree = "<group>"; };
		138F7116190917DD00F3338D /* RAVMappingFactory.m */ = {isa = PBXFileReference; fileEncoding = 4; lastKnownFileType = sourcecode.c.objc; path = RAVMappingFactory.m; sourceTree = "<group>"; };
		138F711B19091E2500F3338D /* RAVPersonCell.h */ = {isa = PBXFileReference; fileEncoding = 4; lastKnownFileType = sourcecode.c.h; path = RAVPersonCell.h; sourceTree = "<group>"; };
		138F711C19091E2500F3338D /* RAVPersonCell.m */ = {isa = PBXFileReference; fileEncoding = 4; lastKnownFileType = sourcecode.c.objc; path = RAVPersonCell.m; sourceTree = "<group>"; };
		138F711D19091E2500F3338D /* RAVPersonCell.xib */ = {isa = PBXFileReference; fileEncoding = 4; lastKnownFileType = file.xib; path = RAVPersonCell.xib; sourceTree = "<group>"; };
		138F712019091E5E00F3338D /* RAVCellBase.h */ = {isa = PBXFileReference; fileEncoding = 4; lastKnownFileType = sourcecode.c.h; path = RAVCellBase.h; sourceTree = "<group>"; };
		138F712119091E5E00F3338D /* RAVCellBase.m */ = {isa = PBXFileReference; fileEncoding = 4; lastKnownFileType = sourcecode.c.objc; path = RAVCellBase.m; sourceTree = "<group>"; };
		138F712319091EBB00F3338D /* NSObject+Runtime.h */ = {isa = PBXFileReference; fileEncoding = 4; lastKnownFileType = sourcecode.c.h; path = "NSObject+Runtime.h"; sourceTree = "<group>"; };
		138F712419091EBB00F3338D /* NSObject+Runtime.m */ = {isa = PBXFileReference; fileEncoding = 4; lastKnownFileType = sourcecode.c.objc; path = "NSObject+Runtime.m"; sourceTree = "<group>"; };
		138F71261909235C00F3338D /* RAVPersonPresenter.h */ = {isa = PBXFileReference; fileEncoding = 4; lastKnownFileType = sourcecode.c.h; path = RAVPersonPresenter.h; sourceTree = "<group>"; };
		138F71271909235C00F3338D /* RAVPersonPresenter.m */ = {isa = PBXFileReference; fileEncoding = 4; lastKnownFileType = sourcecode.c.objc; path = RAVPersonPresenter.m; sourceTree = "<group>"; };
		13A697831963BB1A00407D57 /* TCTPresenter.h */ = {isa = PBXFileReference; fileEncoding = 4; lastKnownFileType = sourcecode.c.h; path = TCTPresenter.h; sourceTree = "<group>"; };
		13A697841963BB1A00407D57 /* TCTPresenter.m */ = {isa = PBXFileReference; fileEncoding = 4; lastKnownFileType = sourcecode.c.objc; path = TCTPresenter.m; sourceTree = "<group>"; };
		13A697861963BB3E00407D57 /* TCTCellModel.h */ = {isa = PBXFileReference; fileEncoding = 4; lastKnownFileType = sourcecode.c.h; path = TCTCellModel.h; sourceTree = "<group>"; };
		13A697871963BB3E00407D57 /* TCTCellModel.m */ = {isa = PBXFileReference; fileEncoding = 4; lastKnownFileType = sourcecode.c.objc; path = TCTCellModel.m; sourceTree = "<group>"; };
		13A697891963BB5400407D57 /* TCTViewModel.h */ = {isa = PBXFileReference; fileEncoding = 4; lastKnownFileType = sourcecode.c.h; path = TCTViewModel.h; sourceTree = "<group>"; };
		13A6978A1963BB5400407D57 /* TCTViewModel.m */ = {isa = PBXFileReference; fileEncoding = 4; lastKnownFileType = sourcecode.c.objc; path = TCTViewModel.m; sourceTree = "<group>"; };
		13A6978C1963BB7C00407D57 /* TCTViewPresenter.h */ = {isa = PBXFileReference; fileEncoding = 4; lastKnownFileType = sourcecode.c.h; path = TCTViewPresenter.h; sourceTree = "<group>"; };
		13A6978D1963BB7C00407D57 /* TCTViewPresenter.m */ = {isa = PBXFileReference; fileEncoding = 4; lastKnownFileType = sourcecode.c.objc; path = TCTViewPresenter.m; sourceTree = "<group>"; };
		13A697901963BD2E00407D57 /* RAVTableControllerPresentersTests.m */ = {isa = PBXFileReference; fileEncoding = 4; lastKnownFileType = sourcecode.c.objc; path = RAVTableControllerPresentersTests.m; sourceTree = "<group>"; };
		13B4609519077B60008E953C /* TableController.app */ = {isa = PBXFileReference; explicitFileType = wrapper.application; includeInIndex = 0; path = TableController.app; sourceTree = BUILT_PRODUCTS_DIR; };
		13B4609819077B60008E953C /* Foundation.framework */ = {isa = PBXFileReference; lastKnownFileType = wrapper.framework; name = Foundation.framework; path = System/Library/Frameworks/Foundation.framework; sourceTree = SDKROOT; };
		13B4609A19077B60008E953C /* CoreGraphics.framework */ = {isa = PBXFileReference; lastKnownFileType = wrapper.framework; name = CoreGraphics.framework; path = System/Library/Frameworks/CoreGraphics.framework; sourceTree = SDKROOT; };
		13B4609C19077B60008E953C /* UIKit.framework */ = {isa = PBXFileReference; lastKnownFileType = wrapper.framework; name = UIKit.framework; path = System/Library/Frameworks/UIKit.framework; sourceTree = SDKROOT; };
		13B460A019077B60008E953C /* TableController-Info.plist */ = {isa = PBXFileReference; lastKnownFileType = text.plist.xml; path = "TableController-Info.plist"; sourceTree = "<group>"; };
		13B460A219077B60008E953C /* en */ = {isa = PBXFileReference; lastKnownFileType = text.plist.strings; name = en; path = en.lproj/InfoPlist.strings; sourceTree = "<group>"; };
		13B460A419077B60008E953C /* main.m */ = {isa = PBXFileReference; lastKnownFileType = sourcecode.c.objc; path = main.m; sourceTree = "<group>"; };
		13B460A619077B60008E953C /* TableController-Prefix.pch */ = {isa = PBXFileReference; lastKnownFileType = sourcecode.c.h; path = "TableController-Prefix.pch"; sourceTree = "<group>"; };
		13B460A719077B60008E953C /* RAVAppDelegate.h */ = {isa = PBXFileReference; lastKnownFileType = sourcecode.c.h; path = RAVAppDelegate.h; sourceTree = "<group>"; };
		13B460A819077B60008E953C /* RAVAppDelegate.m */ = {isa = PBXFileReference; lastKnownFileType = sourcecode.c.objc; path = RAVAppDelegate.m; sourceTree = "<group>"; };
		13B460AB19077B60008E953C /* Base */ = {isa = PBXFileReference; lastKnownFileType = file.storyboard; name = Base; path = Base.lproj/Main.storyboard; sourceTree = "<group>"; };
		13B460AD19077B60008E953C /* RAVViewController.h */ = {isa = PBXFileReference; lastKnownFileType = sourcecode.c.h; path = RAVViewController.h; sourceTree = "<group>"; };
		13B460AE19077B60008E953C /* RAVViewController.m */ = {isa = PBXFileReference; lastKnownFileType = sourcecode.c.objc; path = RAVViewController.m; sourceTree = "<group>"; };
		13B460B019077B60008E953C /* Images.xcassets */ = {isa = PBXFileReference; lastKnownFileType = folder.assetcatalog; path = Images.xcassets; sourceTree = "<group>"; };
		13B460B619077B60008E953C /* TableControllerTests.xctest */ = {isa = PBXFileReference; explicitFileType = wrapper.cfbundle; includeInIndex = 0; path = TableControllerTests.xctest; sourceTree = BUILT_PRODUCTS_DIR; };
		13B460B719077B60008E953C /* XCTest.framework */ = {isa = PBXFileReference; lastKnownFileType = wrapper.framework; name = XCTest.framework; path = Library/Frameworks/XCTest.framework; sourceTree = DEVELOPER_DIR; };
		13B460BF19077B60008E953C /* TableControllerTests-Info.plist */ = {isa = PBXFileReference; lastKnownFileType = text.plist.xml; path = "TableControllerTests-Info.plist"; sourceTree = "<group>"; };
		13B460C119077B60008E953C /* en */ = {isa = PBXFileReference; lastKnownFileType = text.plist.strings; name = en; path = en.lproj/InfoPlist.strings; sourceTree = "<group>"; };
		13B460C319077B60008E953C /* TableControllerTests.m */ = {isa = PBXFileReference; lastKnownFileType = sourcecode.c.objc; path = TableControllerTests.m; sourceTree = "<group>"; };
		13B460CE19077C4E008E953C /* RAVTableController.h */ = {isa = PBXFileReference; fileEncoding = 4; lastKnownFileType = sourcecode.c.h; path = RAVTableController.h; sourceTree = "<group>"; };
		13B460CF19077C4E008E953C /* RAVTableController.m */ = {isa = PBXFileReference; fileEncoding = 4; lastKnownFileType = sourcecode.c.objc; path = RAVTableController.m; sourceTree = "<group>"; };
		13B460D419077C79008E953C /* RAVCellPresenter.h */ = {isa = PBXFileReference; fileEncoding = 4; lastKnownFileType = sourcecode.c.h; path = RAVCellPresenter.h; sourceTree = "<group>"; };
		13B460D519077C79008E953C /* RAVCellPresenter.m */ = {isa = PBXFileReference; fileEncoding = 4; lastKnownFileType = sourcecode.c.objc; path = RAVCellPresenter.m; sourceTree = "<group>"; };
		13B460D719077C91008E953C /* RAVSectionHeaderViewPresenter.h */ = {isa = PBXFileReference; fileEncoding = 4; lastKnownFileType = sourcecode.c.h; path = RAVSectionHeaderViewPresenter.h; sourceTree = "<group>"; };
		13B460D819077C91008E953C /* RAVSectionHeaderViewPresenter.m */ = {isa = PBXFileReference; fileEncoding = 4; lastKnownFileType = sourcecode.c.objc; path = RAVSectionHeaderViewPresenter.m; sourceTree = "<group>"; };
		13B460DA19077CA2008E953C /* RAVSectionFooterViewPresenter.h */ = {isa = PBXFileReference; fileEncoding = 4; lastKnownFileType = sourcecode.c.h; path = RAVSectionFooterViewPresenter.h; sourceTree = "<group>"; };
		13B460DB19077CA2008E953C /* RAVSectionFooterViewPresenter.m */ = {isa = PBXFileReference; fileEncoding = 4; lastKnownFileType = sourcecode.c.objc; path = RAVSectionFooterViewPresenter.m; sourceTree = "<group>"; };
		13B460DE19077D32008E953C /* RAVPresenterP.h */ = {isa = PBXFileReference; lastKnownFileType = sourcecode.c.h; path = RAVPresenterP.h; sourceTree = "<group>"; };
		13B460DF19077F1D008E953C /* RAVTableControllerListModelMemory.h */ = {isa = PBXFileReference; fileEncoding = 4; lastKnownFileType = sourcecode.c.h; path = RAVTableControllerListModelMemory.h; sourceTree = "<group>"; };
		13B460E019077F1D008E953C /* RAVTableControllerListModelMemory.m */ = {isa = PBXFileReference; fileEncoding = 4; lastKnownFileType = sourcecode.c.objc; path = RAVTableControllerListModelMemory.m; sourceTree = "<group>"; };
		13B460E219078133008E953C /* RAVTableControllerSectionModelMemory.h */ = {isa = PBXFileReference; fileEncoding = 4; lastKnownFileType = sourcecode.c.h; path = RAVTableControllerSectionModelMemory.h; sourceTree = "<group>"; };
		13B460E319078133008E953C /* RAVTableControllerSectionModelMemory.m */ = {isa = PBXFileReference; fileEncoding = 4; lastKnownFileType = sourcecode.c.objc; path = RAVTableControllerSectionModelMemory.m; sourceTree = "<group>"; };
		13B460E519078EB5008E953C /* RAVScrollViewDelegateP.h */ = {isa = PBXFileReference; lastKnownFileType = sourcecode.c.h; path = RAVScrollViewDelegateP.h; sourceTree = "<group>"; };
		13B460EA190795DD008E953C /* RAVEditDelegateP.h */ = {isa = PBXFileReference; lastKnownFileType = sourcecode.c.h; path = RAVEditDelegateP.h; sourceTree = "<group>"; };
		13B460EB1907A3BC008E953C /* RAVSectionIndexesDelegateP.h */ = {isa = PBXFileReference; fileEncoding = 4; lastKnownFileType = sourcecode.c.h; path = RAVSectionIndexesDelegateP.h; sourceTree = "<group>"; };
		13B460EE1907B0F1008E953C /* RAVTableController_Subclassing.h */ = {isa = PBXFileReference; fileEncoding = 4; lastKnownFileType = sourcecode.c.h; path = RAVTableController_Subclassing.h; sourceTree = "<group>"; };
		13B460F11907BC29008E953C /* RAVCellActionsDelegateP.h */ = {isa = PBXFileReference; lastKnownFileType = sourcecode.c.h; path = RAVCellActionsDelegateP.h; sourceTree = "<group>"; };
/* End PBXFileReference section */

/* Begin PBXFrameworksBuildPhase section */
		13B4609219077B60008E953C /* Frameworks */ = {
			isa = PBXFrameworksBuildPhase;
			buildActionMask = 2147483647;
			files = (
				13B4609B19077B60008E953C /* CoreGraphics.framework in Frameworks */,
				13B4609D19077B60008E953C /* UIKit.framework in Frameworks */,
				13B4609919077B60008E953C /* Foundation.framework in Frameworks */,
			);
			runOnlyForDeploymentPostprocessing = 0;
		};
		13B460B319077B60008E953C /* Frameworks */ = {
			isa = PBXFrameworksBuildPhase;
			buildActionMask = 2147483647;
			files = (
				13B460B819077B60008E953C /* XCTest.framework in Frameworks */,
				13B460BA19077B60008E953C /* UIKit.framework in Frameworks */,
				13B460B919077B60008E953C /* Foundation.framework in Frameworks */,
			);
			runOnlyForDeploymentPostprocessing = 0;
		};
/* End PBXFrameworksBuildPhase section */

/* Begin PBXGroup section */
		138F70EC190914A100F3338D /* example */ = {
			isa = PBXGroup;
			children = (
				138F711819091DDC00F3338D /* ui */,
				138F7111190917A300F3338D /* datasource */,
				138F71061909156D00F3338D /* resources */,
				138F70ED1909155600F3338D /* libs */,
				138F710B1909172000F3338D /* RAVPetModel.h */,
				138F710C1909172000F3338D /* RAVPetModel.m */,
				138F710E1909174400F3338D /* RAVPersonModel.h */,
				138F710F1909174400F3338D /* RAVPersonModel.m */,
			);
			path = example;
			sourceTree = "<group>";
		};
		138F70ED1909155600F3338D /* libs */ = {
			isa = PBXGroup;
			children = (
				138F712319091EBB00F3338D /* NSObject+Runtime.h */,
				138F712419091EBB00F3338D /* NSObject+Runtime.m */,
				138F70EE1909155600F3338D /* EasyMapping */,
			);
			path = libs;
			sourceTree = "<group>";
		};
		138F70EE1909155600F3338D /* EasyMapping */ = {
			isa = PBXGroup;
			children = (
				138F70EF1909155600F3338D /* EasyMapping.h */,
				138F70F01909155600F3338D /* EKFieldMapping.h */,
				138F70F11909155600F3338D /* EKFieldMapping.m */,
				138F70F21909155600F3338D /* EKManagedObjectMapping.h */,
				138F70F31909155600F3338D /* EKManagedObjectMapping.m */,
				138F70F41909155600F3338D /* EKMapper.h */,
				138F70F51909155600F3338D /* EKMapper.m */,
				138F70F61909155600F3338D /* EKMappingBlocks.h */,
				138F70F71909155600F3338D /* EKObjectMapping.h */,
				138F70F81909155600F3338D /* EKObjectMapping.m */,
				138F70F91909155600F3338D /* EKPropertyHelper.h */,
				138F70FA1909155600F3338D /* EKPropertyHelper.m */,
				138F70FB1909155600F3338D /* EKSerializer.h */,
				138F70FC1909155600F3338D /* EKSerializer.m */,
				138F70FD1909155600F3338D /* EKTransformer.h */,
				138F70FE1909155600F3338D /* EKTransformer.m */,
			);
			path = EasyMapping;
			sourceTree = "<group>";
		};
		138F71061909156D00F3338D /* resources */ = {
			isa = PBXGroup;
			children = (
				138F7107190915C300F3338D /* Persons.plist */,
				138F71091909167600F3338D /* Pets.plist */,
			);
			path = resources;
			sourceTree = "<group>";
		};
		138F7111190917A300F3338D /* datasource */ = {
			isa = PBXGroup;
			children = (
				138F7112190917BD00F3338D /* RAVDataLoader.h */,
				138F7113190917BD00F3338D /* RAVDataLoader.m */,
				138F7115190917DD00F3338D /* RAVMappingFactory.h */,
				138F7116190917DD00F3338D /* RAVMappingFactory.m */,
				1383DE11190A5D9F00FEBAC0 /* RAVExampleDataSource.h */,
				1383DE12190A5D9F00FEBAC0 /* RAVExampleDataSource.m */,
			);
			path = datasource;
			sourceTree = "<group>";
		};
		138F711819091DDC00F3338D /* ui */ = {
			isa = PBXGroup;
			children = (
				138F711919091DF200F3338D /* person */,
				138F711A19091DF200F3338D /* pet */,
				138F712019091E5E00F3338D /* RAVCellBase.h */,
				138F712119091E5E00F3338D /* RAVCellBase.m */,
			);
			path = ui;
			sourceTree = "<group>";
		};
		138F711919091DF200F3338D /* person */ = {
			isa = PBXGroup;
			children = (
				138F711B19091E2500F3338D /* RAVPersonCell.h */,
				138F711C19091E2500F3338D /* RAVPersonCell.m */,
				138F711D19091E2500F3338D /* RAVPersonCell.xib */,
				138F71261909235C00F3338D /* RAVPersonPresenter.h */,
				138F71271909235C00F3338D /* RAVPersonPresenter.m */,
			);
			path = person;
			sourceTree = "<group>";
		};
		138F711A19091DF200F3338D /* pet */ = {
			isa = PBXGroup;
			children = (
				1383DE09190A5B8100FEBAC0 /* RAVPetCell.h */,
				1383DE0A190A5B8100FEBAC0 /* RAVPetCell.m */,
				1383DE0C190A5BBD00FEBAC0 /* RAVPetCell.xib */,
				1383DE0E190A5C7500FEBAC0 /* RAVPetPresenter.h */,
				1383DE0F190A5C7500FEBAC0 /* RAVPetPresenter.m */,
			);
			path = pet;
			sourceTree = "<group>";
		};
		13A697821963BACF00407D57 /* support */ = {
			isa = PBXGroup;
			children = (
				13A697831963BB1A00407D57 /* TCTPresenter.h */,
				13A697841963BB1A00407D57 /* TCTPresenter.m */,
				13A697861963BB3E00407D57 /* TCTCellModel.h */,
				13A697871963BB3E00407D57 /* TCTCellModel.m */,
				13A697891963BB5400407D57 /* TCTViewModel.h */,
				13A6978A1963BB5400407D57 /* TCTViewModel.m */,
				13A6978C1963BB7C00407D57 /* TCTViewPresenter.h */,
				13A6978D1963BB7C00407D57 /* TCTViewPresenter.m */,
			);
			path = support;
			sourceTree = "<group>";
		};
		13B4608C19077B60008E953C = {
			isa = PBXGroup;
			children = (
				13B4609E19077B60008E953C /* TableController */,
				13B460BD19077B60008E953C /* TableControllerTests */,
				13B4609719077B60008E953C /* Frameworks */,
				13B4609619077B60008E953C /* Products */,
			);
			sourceTree = "<group>";
		};
		13B4609619077B60008E953C /* Products */ = {
			isa = PBXGroup;
			children = (
				13B4609519077B60008E953C /* TableController.app */,
				13B460B619077B60008E953C /* TableControllerTests.xctest */,
			);
			name = Products;
			sourceTree = "<group>";
		};
		13B4609719077B60008E953C /* Frameworks */ = {
			isa = PBXGroup;
			children = (
				13B4609819077B60008E953C /* Foundation.framework */,
				13B4609A19077B60008E953C /* CoreGraphics.framework */,
				13B4609C19077B60008E953C /* UIKit.framework */,
				13B460B719077B60008E953C /* XCTest.framework */,
			);
			name = Frameworks;
			sourceTree = "<group>";
		};
		13B4609E19077B60008E953C /* TableController */ = {
			isa = PBXGroup;
			children = (
				138F70EC190914A100F3338D /* example */,
				13B460CD19077C22008E953C /* RAVTableController */,
				13B460A719077B60008E953C /* RAVAppDelegate.h */,
				13B460A819077B60008E953C /* RAVAppDelegate.m */,
				13B460AA19077B60008E953C /* Main.storyboard */,
				13B460AD19077B60008E953C /* RAVViewController.h */,
				13B460AE19077B60008E953C /* RAVViewController.m */,
				13B460B019077B60008E953C /* Images.xcassets */,
				13B4609F19077B60008E953C /* Supporting Files */,
			);
			path = TableController;
			sourceTree = "<group>";
		};
		13B4609F19077B60008E953C /* Supporting Files */ = {
			isa = PBXGroup;
			children = (
				13B460A019077B60008E953C /* TableController-Info.plist */,
				13B460A119077B60008E953C /* InfoPlist.strings */,
				13B460A419077B60008E953C /* main.m */,
				13B460A619077B60008E953C /* TableController-Prefix.pch */,
			);
			name = "Supporting Files";
			sourceTree = "<group>";
		};
		13B460BD19077B60008E953C /* TableControllerTests */ = {
			isa = PBXGroup;
			children = (
				13A697821963BACF00407D57 /* support */,
				13B460C319077B60008E953C /* TableControllerTests.m */,
				13A697901963BD2E00407D57 /* RAVTableControllerPresentersTests.m */,
				13B460BE19077B60008E953C /* Supporting Files */,
			);
			path = TableControllerTests;
			sourceTree = "<group>";
		};
		13B460BE19077B60008E953C /* Supporting Files */ = {
			isa = PBXGroup;
			children = (
				13B460BF19077B60008E953C /* TableControllerTests-Info.plist */,
				13B460C019077B60008E953C /* InfoPlist.strings */,
			);
			name = "Supporting Files";
			sourceTree = "<group>";
		};
		13B460CD19077C22008E953C /* RAVTableController */ = {
			isa = PBXGroup;
			children = (
				13893B96193DD9B1008DB3A1 /* RAVSectionModelPresenterP.h */,
				13B460CE19077C4E008E953C /* RAVTableController.h */,
				13B460CF19077C4E008E953C /* RAVTableController.m */,
				13415A64192B0EDE000DF7EC /* RAVTableControllerListModelP.h */,
				13415A65192B0F2E000DF7EC /* RAVTableControllerSectionModelP.h */,
				13B460EE1907B0F1008E953C /* RAVTableController_Subclassing.h */,
				13B460E519078EB5008E953C /* RAVScrollViewDelegateP.h */,
				13B460EA190795DD008E953C /* RAVEditDelegateP.h */,
				13B460EB1907A3BC008E953C /* RAVSectionIndexesDelegateP.h */,
				13B460DE19077D32008E953C /* RAVPresenterP.h */,
				13B460F11907BC29008E953C /* RAVCellActionsDelegateP.h */,
				13B460D419077C79008E953C /* RAVCellPresenter.h */,
				13B460D519077C79008E953C /* RAVCellPresenter.m */,
				13B460D719077C91008E953C /* RAVSectionHeaderViewPresenter.h */,
				13B460D819077C91008E953C /* RAVSectionHeaderViewPresenter.m */,
				13B460DA19077CA2008E953C /* RAVSectionFooterViewPresenter.h */,
				13B460DB19077CA2008E953C /* RAVSectionFooterViewPresenter.m */,
				13B460DF19077F1D008E953C /* RAVTableControllerListModelMemory.h */,
				13B460E019077F1D008E953C /* RAVTableControllerListModelMemory.m */,
				13B460E219078133008E953C /* RAVTableControllerSectionModelMemory.h */,
				13B460E319078133008E953C /* RAVTableControllerSectionModelMemory.m */,
			);
			path = RAVTableController;
			sourceTree = "<group>";
		};
/* End PBXGroup section */

/* Begin PBXNativeTarget section */
		13B4609419077B60008E953C /* TableController */ = {
			isa = PBXNativeTarget;
			buildConfigurationList = 13B460C719077B60008E953C /* Build configuration list for PBXNativeTarget "TableController" */;
			buildPhases = (
				13B4609119077B60008E953C /* Sources */,
				13B4609219077B60008E953C /* Frameworks */,
				13B4609319077B60008E953C /* Resources */,
			);
			buildRules = (
			);
			dependencies = (
			);
			name = TableController;
			productName = TableController;
			productReference = 13B4609519077B60008E953C /* TableController.app */;
			productType = "com.apple.product-type.application";
		};
		13B460B519077B60008E953C /* TableControllerTests */ = {
			isa = PBXNativeTarget;
			buildConfigurationList = 13B460CA19077B60008E953C /* Build configuration list for PBXNativeTarget "TableControllerTests" */;
			buildPhases = (
				13B460B219077B60008E953C /* Sources */,
				13B460B319077B60008E953C /* Frameworks */,
				13B460B419077B60008E953C /* Resources */,
			);
			buildRules = (
			);
			dependencies = (
				13B460BC19077B60008E953C /* PBXTargetDependency */,
			);
			name = TableControllerTests;
			productName = TableControllerTests;
			productReference = 13B460B619077B60008E953C /* TableControllerTests.xctest */;
			productType = "com.apple.product-type.bundle.unit-test";
		};
/* End PBXNativeTarget section */

/* Begin PBXProject section */
		13B4608D19077B60008E953C /* Project object */ = {
			isa = PBXProject;
			attributes = {
				CLASSPREFIX = RAV;
				LastUpgradeCheck = 0510;
				ORGANIZATIONNAME = "Andrew Romanov";
				TargetAttributes = {
					13B460B519077B60008E953C = {
						TestTargetID = 13B4609419077B60008E953C;
					};
				};
			};
			buildConfigurationList = 13B4609019077B60008E953C /* Build configuration list for PBXProject "TableController" */;
			compatibilityVersion = "Xcode 3.2";
			developmentRegion = English;
			hasScannedForEncodings = 0;
			knownRegions = (
				en,
				Base,
			);
			mainGroup = 13B4608C19077B60008E953C;
			productRefGroup = 13B4609619077B60008E953C /* Products */;
			projectDirPath = "";
			projectRoot = "";
			targets = (
				13B4609419077B60008E953C /* TableController */,
				13B460B519077B60008E953C /* TableControllerTests */,
			);
		};
/* End PBXProject section */

/* Begin PBXResourcesBuildPhase section */
		13B4609319077B60008E953C /* Resources */ = {
			isa = PBXResourcesBuildPhase;
			buildActionMask = 2147483647;
			files = (
				13B460B119077B60008E953C /* Images.xcassets in Resources */,
				138F7108190915C300F3338D /* Persons.plist in Resources */,
				13B460A319077B60008E953C /* InfoPlist.strings in Resources */,
				138F710A1909167600F3338D /* Pets.plist in Resources */,
				138F711F19091E2500F3338D /* RAVPersonCell.xib in Resources */,
				1383DE0D190A5BBD00FEBAC0 /* RAVPetCell.xib in Resources */,
				13B460AC19077B60008E953C /* Main.storyboard in Resources */,
			);
			runOnlyForDeploymentPostprocessing = 0;
		};
		13B460B419077B60008E953C /* Resources */ = {
			isa = PBXResourcesBuildPhase;
			buildActionMask = 2147483647;
			files = (
				13B460C219077B60008E953C /* InfoPlist.strings in Resources */,
			);
			runOnlyForDeploymentPostprocessing = 0;
		};
/* End PBXResourcesBuildPhase section */

/* Begin PBXSourcesBuildPhase section */
		13B4609119077B60008E953C /* Sources */ = {
			isa = PBXSourcesBuildPhase;
			buildActionMask = 2147483647;
			files = (
				138F71041909155600F3338D /* EKSerializer.m in Sources */,
				13B460D919077C91008E953C /* RAVSectionHeaderViewPresenter.m in Sources */,
				138F711E19091E2500F3338D /* RAVPersonCell.m in Sources */,
				138F710D1909172000F3338D /* RAVPetModel.m in Sources */,
				1383DE10190A5C7500FEBAC0 /* RAVPetPresenter.m in Sources */,
				138F712219091E5E00F3338D /* RAVCellBase.m in Sources */,
				138F70FF1909155600F3338D /* EKFieldMapping.m in Sources */,
				138F71031909155600F3338D /* EKPropertyHelper.m in Sources */,
				138F71001909155600F3338D /* EKManagedObjectMapping.m in Sources */,
				1383DE0B190A5B8100FEBAC0 /* RAVPetCell.m in Sources */,
				13B460D019077C4E008E953C /* RAVTableController.m in Sources */,
				13B460E119077F1D008E953C /* RAVTableControllerListModelMemory.m in Sources */,
				13B460D619077C79008E953C /* RAVCellPresenter.m in Sources */,
				13B460AF19077B60008E953C /* RAVViewController.m in Sources */,
				13B460A919077B60008E953C /* RAVAppDelegate.m in Sources */,
				13B460E419078133008E953C /* RAVTableControllerSectionModelMemory.m in Sources */,
				138F712519091EBB00F3338D /* NSObject+Runtime.m in Sources */,
				138F71281909235C00F3338D /* RAVPersonPresenter.m in Sources */,
				13B460DC19077CA2008E953C /* RAVSectionFooterViewPresenter.m in Sources */,
				138F71011909155600F3338D /* EKMapper.m in Sources */,
				138F7114190917BD00F3338D /* RAVDataLoader.m in Sources */,
				138F71051909155600F3338D /* EKTransformer.m in Sources */,
				138F71101909174400F3338D /* RAVPersonModel.m in Sources */,
				1383DE13190A5D9F00FEBAC0 /* RAVExampleDataSource.m in Sources */,
				138F71021909155600F3338D /* EKObjectMapping.m in Sources */,
				13B460A519077B60008E953C /* main.m in Sources */,
				138F7117190917DD00F3338D /* RAVMappingFactory.m in Sources */,
			);
			runOnlyForDeploymentPostprocessing = 0;
		};
		13B460B219077B60008E953C /* Sources */ = {
			isa = PBXSourcesBuildPhase;
			buildActionMask = 2147483647;
			files = (
				13A6978E1963BB7C00407D57 /* TCTViewPresenter.m in Sources */,
				13A6978B1963BB5400407D57 /* TCTViewModel.m in Sources */,
				13A697851963BB1A00407D57 /* TCTPresenter.m in Sources */,
				13A697881963BB3E00407D57 /* TCTCellModel.m in Sources */,
				13B460C419077B60008E953C /* TableControllerTests.m in Sources */,
				13A697911963BD2E00407D57 /* RAVTableControllerPresentersTests.m in Sources */,
			);
			runOnlyForDeploymentPostprocessing = 0;
		};
/* End PBXSourcesBuildPhase section */

/* Begin PBXTargetDependency section */
		13B460BC19077B60008E953C /* PBXTargetDependency */ = {
			isa = PBXTargetDependency;
			target = 13B4609419077B60008E953C /* TableController */;
			targetProxy = 13B460BB19077B60008E953C /* PBXContainerItemProxy */;
		};
/* End PBXTargetDependency section */

/* Begin PBXVariantGroup section */
		13B460A119077B60008E953C /* InfoPlist.strings */ = {
			isa = PBXVariantGroup;
			children = (
				13B460A219077B60008E953C /* en */,
			);
			name = InfoPlist.strings;
			sourceTree = "<group>";
		};
		13B460AA19077B60008E953C /* Main.storyboard */ = {
			isa = PBXVariantGroup;
			children = (
				13B460AB19077B60008E953C /* Base */,
			);
			name = Main.storyboard;
			sourceTree = "<group>";
		};
		13B460C019077B60008E953C /* InfoPlist.strings */ = {
			isa = PBXVariantGroup;
			children = (
				13B460C119077B60008E953C /* en */,
			);
			name = InfoPlist.strings;
			sourceTree = "<group>";
		};
/* End PBXVariantGroup section */

/* Begin XCBuildConfiguration section */
		13B460C519077B60008E953C /* Debug */ = {
			isa = XCBuildConfiguration;
			buildSettings = {
				ALWAYS_SEARCH_USER_PATHS = NO;
				CLANG_CXX_LANGUAGE_STANDARD = "gnu++0x";
				CLANG_CXX_LIBRARY = "libc++";
				CLANG_ENABLE_MODULES = YES;
				CLANG_ENABLE_OBJC_ARC = YES;
				CLANG_WARN_BOOL_CONVERSION = YES;
				CLANG_WARN_CONSTANT_CONVERSION = YES;
				CLANG_WARN_DIRECT_OBJC_ISA_USAGE = YES_ERROR;
				CLANG_WARN_EMPTY_BODY = YES;
				CLANG_WARN_ENUM_CONVERSION = YES;
				CLANG_WARN_INT_CONVERSION = YES;
				CLANG_WARN_OBJC_ROOT_CLASS = YES_ERROR;
				CLANG_WARN__DUPLICATE_METHOD_MATCH = YES;
				"CODE_SIGN_IDENTITY[sdk=iphoneos*]" = "iPhone Developer";
				COPY_PHASE_STRIP = NO;
				GCC_C_LANGUAGE_STANDARD = gnu99;
				GCC_DYNAMIC_NO_PIC = NO;
				GCC_OPTIMIZATION_LEVEL = 0;
				GCC_PREPROCESSOR_DEFINITIONS = (
					"DEBUG=1",
					"$(inherited)",
				);
				GCC_SYMBOLS_PRIVATE_EXTERN = NO;
				GCC_WARN_64_TO_32_BIT_CONVERSION = YES;
				GCC_WARN_ABOUT_RETURN_TYPE = YES_ERROR;
				GCC_WARN_UNDECLARED_SELECTOR = YES;
				GCC_WARN_UNINITIALIZED_AUTOS = YES_AGGRESSIVE;
				GCC_WARN_UNUSED_FUNCTION = YES;
				GCC_WARN_UNUSED_VARIABLE = YES;
				IPHONEOS_DEPLOYMENT_TARGET = 7.1;
				ONLY_ACTIVE_ARCH = YES;
				SDKROOT = iphoneos;
			};
			name = Debug;
		};
		13B460C619077B60008E953C /* Release */ = {
			isa = XCBuildConfiguration;
			buildSettings = {
				ALWAYS_SEARCH_USER_PATHS = NO;
				CLANG_CXX_LANGUAGE_STANDARD = "gnu++0x";
				CLANG_CXX_LIBRARY = "libc++";
				CLANG_ENABLE_MODULES = YES;
				CLANG_ENABLE_OBJC_ARC = YES;
				CLANG_WARN_BOOL_CONVERSION = YES;
				CLANG_WARN_CONSTANT_CONVERSION = YES;
				CLANG_WARN_DIRECT_OBJC_ISA_USAGE = YES_ERROR;
				CLANG_WARN_EMPTY_BODY = YES;
				CLANG_WARN_ENUM_CONVERSION = YES;
				CLANG_WARN_INT_CONVERSION = YES;
				CLANG_WARN_OBJC_ROOT_CLASS = YES_ERROR;
				CLANG_WARN__DUPLICATE_METHOD_MATCH = YES;
				"CODE_SIGN_IDENTITY[sdk=iphoneos*]" = "iPhone Developer";
				COPY_PHASE_STRIP = YES;
				ENABLE_NS_ASSERTIONS = NO;
				GCC_C_LANGUAGE_STANDARD = gnu99;
				GCC_WARN_64_TO_32_BIT_CONVERSION = YES;
				GCC_WARN_ABOUT_RETURN_TYPE = YES_ERROR;
				GCC_WARN_UNDECLARED_SELECTOR = YES;
				GCC_WARN_UNINITIALIZED_AUTOS = YES_AGGRESSIVE;
				GCC_WARN_UNUSED_FUNCTION = YES;
				GCC_WARN_UNUSED_VARIABLE = YES;
				IPHONEOS_DEPLOYMENT_TARGET = 7.1;
				SDKROOT = iphoneos;
				VALIDATE_PRODUCT = YES;
			};
			name = Release;
		};
		13B460C819077B60008E953C /* Debug */ = {
			isa = XCBuildConfiguration;
			buildSettings = {
				ASSETCATALOG_COMPILER_APPICON_NAME = AppIcon;
				ASSETCATALOG_COMPILER_LAUNCHIMAGE_NAME = LaunchImage;
				GCC_PRECOMPILE_PREFIX_HEADER = YES;
				GCC_PREFIX_HEADER = "TableController/TableController-Prefix.pch";
				INFOPLIST_FILE = "TableController/TableController-Info.plist";
				PRODUCT_NAME = "$(TARGET_NAME)";
				WRAPPER_EXTENSION = app;
			};
			name = Debug;
		};
		13B460C919077B60008E953C /* Release */ = {
			isa = XCBuildConfiguration;
			buildSettings = {
				ASSETCATALOG_COMPILER_APPICON_NAME = AppIcon;
				ASSETCATALOG_COMPILER_LAUNCHIMAGE_NAME = LaunchImage;
				GCC_PRECOMPILE_PREFIX_HEADER = YES;
				GCC_PREFIX_HEADER = "TableController/TableController-Prefix.pch";
				INFOPLIST_FILE = "TableController/TableController-Info.plist";
				PRODUCT_NAME = "$(TARGET_NAME)";
				WRAPPER_EXTENSION = app;
			};
			name = Release;
		};
		13B460CB19077B60008E953C /* Debug */ = {
			isa = XCBuildConfiguration;
			buildSettings = {
				BUNDLE_LOADER = "$(BUILT_PRODUCTS_DIR)/TableController.app/TableController";
				FRAMEWORK_SEARCH_PATHS = (
					"$(SDKROOT)/Developer/Library/Frameworks",
					"$(inherited)",
					"$(DEVELOPER_FRAMEWORKS_DIR)",
				);
				GCC_PRECOMPILE_PREFIX_HEADER = YES;
				GCC_PREFIX_HEADER = "TableController/TableController-Prefix.pch";
				GCC_PREPROCESSOR_DEFINITIONS = (
					"DEBUG=1",
					"$(inherited)",
				);
				INFOPLIST_FILE = "TableControllerTests/TableControllerTests-Info.plist";
				PRODUCT_NAME = "$(TARGET_NAME)";
				TEST_HOST = "$(BUNDLE_LOADER)";
				WRAPPER_EXTENSION = xctest;
			};
			name = Debug;
		};
		13B460CC19077B60008E953C /* Release */ = {
			isa = XCBuildConfiguration;
			buildSettings = {
				BUNDLE_LOADER = "$(BUILT_PRODUCTS_DIR)/TableController.app/TableController";
				FRAMEWORK_SEARCH_PATHS = (
					"$(SDKROOT)/Developer/Library/Frameworks",
					"$(inherited)",
					"$(DEVELOPER_FRAMEWORKS_DIR)",
				);
				GCC_PRECOMPILE_PREFIX_HEADER = YES;
				GCC_PREFIX_HEADER = "TableController/TableController-Prefix.pch";
				INFOPLIST_FILE = "TableControllerTests/TableControllerTests-Info.plist";
				PRODUCT_NAME = "$(TARGET_NAME)";
				TEST_HOST = "$(BUNDLE_LOADER)";
				WRAPPER_EXTENSION = xctest;
			};
			name = Release;
		};
/* End XCBuildConfiguration section */

/* Begin XCConfigurationList section */
		13B4609019077B60008E953C /* Build configuration list for PBXProject "TableController" */ = {
			isa = XCConfigurationList;
			buildConfigurations = (
				13B460C519077B60008E953C /* Debug */,
				13B460C619077B60008E953C /* Release */,
			);
			defaultConfigurationIsVisible = 0;
			defaultConfigurationName = Release;
		};
		13B460C719077B60008E953C /* Build configuration list for PBXNativeTarget "TableController" */ = {
			isa = XCConfigurationList;
			buildConfigurations = (
				13B460C819077B60008E953C /* Debug */,
				13B460C919077B60008E953C /* Release */,
			);
			defaultConfigurationIsVisible = 0;
			defaultConfigurationName = Release;
		};
		13B460CA19077B60008E953C /* Build configuration list for PBXNativeTarget "TableControllerTests" */ = {
			isa = XCConfigurationList;
			buildConfigurations = (
				13B460CB19077B60008E953C /* Debug */,
				13B460CC19077B60008E953C /* Release */,
			);
			defaultConfigurationIsVisible = 0;
			defaultConfigurationName = Release;
		};
/* End XCConfigurationList section */
	};
	rootObject = 13B4608D19077B60008E953C /* Project object */;
}
