// !$*UTF8*$!
{
	archiveVersion = 1;
	classes = {
	};
	objectVersion = 46;
	objects = {

/* Begin PBXBuildFile section */
		134419C91A35CCF700706E35 /* RAVTableController.podspec in Resources */ = {isa = PBXBuildFile; fileRef = 134419C81A35CCF700706E35 /* RAVTableController.podspec */; };
		1383DE0B190A5B8100FEBAC0 /* RAVPetCell.m in Sources */ = {isa = PBXBuildFile; fileRef = 1383DE0A190A5B8100FEBAC0 /* RAVPetCell.m */; };
		1383DE0D190A5BBD00FEBAC0 /* RAVPetCell.xib in Resources */ = {isa = PBXBuildFile; fileRef = 1383DE0C190A5BBD00FEBAC0 /* RAVPetCell.xib */; };
		1383DE10190A5C7500FEBAC0 /* RAVPetPresenter.m in Sources */ = {isa = PBXBuildFile; fileRef = 1383DE0F190A5C7500FEBAC0 /* RAVPetPresenter.m */; };
		1383DE13190A5D9F00FEBAC0 /* RAVExampleDataSource.m in Sources */ = {isa = PBXBuildFile; fileRef = 1383DE12190A5D9F00FEBAC0 /* RAVExampleDataSource.m */; };
		138F70FF1909155600F3338D /* EKFieldMapping.m in Sources */ = {isa = PBXBuildFile; fileRef = 138F70F11909155600F3338D /* EKFieldMapping.m */; };
		138F71001909155600F3338D /* EKManagedObjectMapping.m in Sources */ = {isa = PBXBuildFile; fileRef = 138F70F31909155600F3338D /* EKManagedObjectMapping.m */; };
		138F71011909155600F3338D /* EKMapper.m in Sources */ = {isa = PBXBuildFile; fileRef = 138F70F51909155600F3338D /* EKMapper.m */; };
		138F71021909155600F3338D /* EKObjectMapping.m in Sources */ = {isa = PBXBuildFile; fileRef = 138F70F81909155600F3338D /* EKObjectMapping.m */; };
		138F71031909155600F3338D /* EKPropertyHelper.m in Sources */ = {isa = PBXBuildFile; fileRef = 138F70FA1909155600F3338D /* EKPropertyHelper.m */; };
		138F71041909155600F3338D /* EKSerializer.m in Sources */ = {isa = PBXBuildFile; fileRef = 138F70FC1909155600F3338D /* EKSerializer.m */; };
		138F71051909155600F3338D /* EKTransformer.m in Sources */ = {isa = PBXBuildFile; fileRef = 138F70FE1909155600F3338D /* EKTransformer.m */; };
		138F7108190915C300F3338D /* Persons.plist in Resources */ = {isa = PBXBuildFile; fileRef = 138F7107190915C300F3338D /* Persons.plist */; };
		138F710A1909167600F3338D /* Pets.plist in Resources */ = {isa = PBXBuildFile; fileRef = 138F71091909167600F3338D /* Pets.plist */; };
		138F710D1909172000F3338D /* RAVPetModel.m in Sources */ = {isa = PBXBuildFile; fileRef = 138F710C1909172000F3338D /* RAVPetModel.m */; };
		138F71101909174400F3338D /* RAVPersonModel.m in Sources */ = {isa = PBXBuildFile; fileRef = 138F710F1909174400F3338D /* RAVPersonModel.m */; };
		138F7114190917BD00F3338D /* RAVDataLoader.m in Sources */ = {isa = PBXBuildFile; fileRef = 138F7113190917BD00F3338D /* RAVDataLoader.m */; };
		138F7117190917DD00F3338D /* RAVMappingFactory.m in Sources */ = {isa = PBXBuildFile; fileRef = 138F7116190917DD00F3338D /* RAVMappingFactory.m */; };
		138F711E19091E2500F3338D /* RAVPersonCell.m in Sources */ = {isa = PBXBuildFile; fileRef = 138F711C19091E2500F3338D /* RAVPersonCell.m */; };
		138F711F19091E2500F3338D /* RAVPersonCell.xib in Resources */ = {isa = PBXBuildFile; fileRef = 138F711D19091E2500F3338D /* RAVPersonCell.xib */; };
		138F712219091E5E00F3338D /* RAVCellBase.m in Sources */ = {isa = PBXBuildFile; fileRef = 138F712119091E5E00F3338D /* RAVCellBase.m */; };
		138F712519091EBB00F3338D /* NSObject+Runtime.m in Sources */ = {isa = PBXBuildFile; fileRef = 138F712419091EBB00F3338D /* NSObject+Runtime.m */; };
		138F71281909235C00F3338D /* RAVPersonPresenter.m in Sources */ = {isa = PBXBuildFile; fileRef = 138F71271909235C00F3338D /* RAVPersonPresenter.m */; };
		13A697851963BB1A00407D57 /* TCTPresenter.m in Sources */ = {isa = PBXBuildFile; fileRef = 13A697841963BB1A00407D57 /* TCTPresenter.m */; };
		13A697881963BB3E00407D57 /* TCTCellModel.m in Sources */ = {isa = PBXBuildFile; fileRef = 13A697871963BB3E00407D57 /* TCTCellModel.m */; };
		13A6978B1963BB5400407D57 /* TCTViewModel.m in Sources */ = {isa = PBXBuildFile; fileRef = 13A6978A1963BB5400407D57 /* TCTViewModel.m */; };
		13A6978E1963BB7C00407D57 /* TCTViewPresenter.m in Sources */ = {isa = PBXBuildFile; fileRef = 13A6978D1963BB7C00407D57 /* TCTViewPresenter.m */; };
		13A697911963BD2E00407D57 /* RAVTableControllerPresentersTests.m in Sources */ = {isa = PBXBuildFile; fileRef = 13A697901963BD2E00407D57 /* RAVTableControllerPresentersTests.m */; };
		13B4609919077B60008E953C /* Foundation.framework in Frameworks */ = {isa = PBXBuildFile; fileRef = 13B4609819077B60008E953C /* Foundation.framework */; };
		13B4609B19077B60008E953C /* CoreGraphics.framework in Frameworks */ = {isa = PBXBuildFile; fileRef = 13B4609A19077B60008E953C /* CoreGraphics.framework */; };
		13B4609D19077B60008E953C /* UIKit.framework in Frameworks */ = {isa = PBXBuildFile; fileRef = 13B4609C19077B60008E953C /* UIKit.framework */; };
		13B460A319077B60008E953C /* InfoPlist.strings in Resources */ = {isa = PBXBuildFile; fileRef = 13B460A119077B60008E953C /* InfoPlist.strings */; };
		13B460A519077B60008E953C /* main.m in Sources */ = {isa = PBXBuildFile; fileRef = 13B460A419077B60008E953C /* main.m */; };
		13B460A919077B60008E953C /* RAVAppDelegate.m in Sources */ = {isa = PBXBuildFile; fileRef = 13B460A819077B60008E953C /* RAVAppDelegate.m */; };
		13B460AC19077B60008E953C /* Main.storyboard in Resources */ = {isa = PBXBuildFile; fileRef = 13B460AA19077B60008E953C /* Main.storyboard */; };
		13B460AF19077B60008E953C /* RAVViewController.m in Sources */ = {isa = PBXBuildFile; fileRef = 13B460AE19077B60008E953C /* RAVViewController.m */; };
		13B460B119077B60008E953C /* Images.xcassets in Resources */ = {isa = PBXBuildFile; fileRef = 13B460B019077B60008E953C /* Images.xcassets */; };
		13B460B819077B60008E953C /* XCTest.framework in Frameworks */ = {isa = PBXBuildFile; fileRef = 13B460B719077B60008E953C /* XCTest.framework */; };
		13B460B919077B60008E953C /* Foundation.framework in Frameworks */ = {isa = PBXBuildFile; fileRef = 13B4609819077B60008E953C /* Foundation.framework */; };
		13B460BA19077B60008E953C /* UIKit.framework in Frameworks */ = {isa = PBXBuildFile; fileRef = 13B4609C19077B60008E953C /* UIKit.framework */; };
		13B460C219077B60008E953C /* InfoPlist.strings in Resources */ = {isa = PBXBuildFile; fileRef = 13B460C019077B60008E953C /* InfoPlist.strings */; };
		13B460C419077B60008E953C /* TableControllerTests.m in Sources */ = {isa = PBXBuildFile; fileRef = 13B460C319077B60008E953C /* TableControllerTests.m */; };
		4936B2F51DA238270060B35A /* RAVCollectionViewController.m in Sources */ = {isa = PBXBuildFile; fileRef = 4936B2AD1DA238270060B35A /* RAVCollectionViewController.m */; };
		4936B2F61DA238270060B35A /* RAVCollectionViewPresenter.m in Sources */ = {isa = PBXBuildFile; fileRef = 4936B2AF1DA238270060B35A /* RAVCollectionViewPresenter.m */; };
		4936B2F71DA238270060B35A /* NSArray+RAVSupport.m in Sources */ = {isa = PBXBuildFile; fileRef = 4936B2B21DA238270060B35A /* NSArray+RAVSupport.m */; };
		4936B2F81DA238270060B35A /* RAVPresentersStore.m in Sources */ = {isa = PBXBuildFile; fileRef = 4936B2B51DA238270060B35A /* RAVPresentersStore.m */; };
		4936B2F91DA238270060B35A /* RAVHorizontalViewController.m in Sources */ = {isa = PBXBuildFile; fileRef = 4936B2B91DA238270060B35A /* RAVHorizontalViewController.m */; };
		4936B2FA1DA238270060B35A /* RAVHorizontalViewPresenter.m in Sources */ = {isa = PBXBuildFile; fileRef = 4936B2BB1DA238270060B35A /* RAVHorizontalViewPresenter.m */; };
		4936B2FB1DA238270060B35A /* RAVCollectionViewFlowHorizontalLayout.m in Sources */ = {isa = PBXBuildFile; fileRef = 4936B2BD1DA238270060B35A /* RAVCollectionViewFlowHorizontalLayout.m */; };
		4936B2FC1DA238270060B35A /* RAVHorCollectionView.m in Sources */ = {isa = PBXBuildFile; fileRef = 4936B2BF1DA238270060B35A /* RAVHorCollectionView.m */; };
		4936B2FD1DA238270060B35A /* RAVHorizontalView.m in Sources */ = {isa = PBXBuildFile; fileRef = 4936B2C11DA238270060B35A /* RAVHorizontalView.m */; };
		4936B2FE1DA238270060B35A /* RAVCellPresenter.m in Sources */ = {isa = PBXBuildFile; fileRef = 4936B2C51DA238270060B35A /* RAVCellPresenter.m */; };
		4936B2FF1DA238270060B35A /* RAVSectionFooterViewPresenter.m in Sources */ = {isa = PBXBuildFile; fileRef = 4936B2CA1DA238270060B35A /* RAVSectionFooterViewPresenter.m */; };
		4936B3001DA238270060B35A /* RAVSectionHeaderViewPresenter.m in Sources */ = {isa = PBXBuildFile; fileRef = 4936B2CC1DA238270060B35A /* RAVSectionHeaderViewPresenter.m */; };
		4936B3011DA238270060B35A /* RAVTableController.m in Sources */ = {isa = PBXBuildFile; fileRef = 4936B2D01DA238270060B35A /* RAVTableController.m */; };
		4936B3021DA238270060B35A /* RAVTableControllerListModelMemory.m in Sources */ = {isa = PBXBuildFile; fileRef = 4936B2D31DA238270060B35A /* RAVTableControllerListModelMemory.m */; };
		4936B3031DA238270060B35A /* RAVTableControllerSectionModelMemory.m in Sources */ = {isa = PBXBuildFile; fileRef = 4936B2D61DA238270060B35A /* RAVTableControllerSectionModelMemory.m */; };
		4936B3041DA238270060B35A /* RAVSectionHeaderFooterViewPresenter.m in Sources */ = {isa = PBXBuildFile; fileRef = 4936B2DA1DA238270060B35A /* RAVSectionHeaderFooterViewPresenter.m */; };
		4936B3051DA238270060B35A /* RAVSingleModelCellPresenter.m in Sources */ = {isa = PBXBuildFile; fileRef = 4936B2DC1DA238270060B35A /* RAVSingleModelCellPresenter.m */; };
		4936B3061DA238270060B35A /* RAVSingleModelHeaderFooterViewPresenter.m in Sources */ = {isa = PBXBuildFile; fileRef = 4936B2DE1DA238270060B35A /* RAVSingleModelHeaderFooterViewPresenter.m */; };
		4936B3071DA238270060B35A /* _RAVDelegatesPresenter.m in Sources */ = {isa = PBXBuildFile; fileRef = 4936B2E21DA238270060B35A /* _RAVDelegatesPresenter.m */; };
		4936B3081DA238270060B35A /* RAVUPBlockBinding.m in Sources */ = {isa = PBXBuildFile; fileRef = 4936B2E41DA238270060B35A /* RAVUPBlockBinding.m */; };
		4936B3091DA238270060B35A /* RAVUPCallbacksStore.m in Sources */ = {isa = PBXBuildFile; fileRef = 4936B2E61DA238270060B35A /* RAVUPCallbacksStore.m */; };
		4936B30A1DA238270060B35A /* RAVUPCellModelBinding.m in Sources */ = {isa = PBXBuildFile; fileRef = 4936B2E81DA238270060B35A /* RAVUPCellModelBinding.m */; };
		4936B30B1DA238270060B35A /* RAVUPDelegatesStore.m in Sources */ = {isa = PBXBuildFile; fileRef = 4936B2EA1DA238270060B35A /* RAVUPDelegatesStore.m */; };
		4936B30C1DA238270060B35A /* RAVUPPresentersStore.m in Sources */ = {isa = PBXBuildFile; fileRef = 4936B2EC1DA238270060B35A /* RAVUPPresentersStore.m */; };
		4936B30D1DA238270060B35A /* RAVManyModelCellsPresenter.m in Sources */ = {isa = PBXBuildFile; fileRef = 4936B2EE1DA238270060B35A /* RAVManyModelCellsPresenter.m */; };
		4936B30E1DA238270060B35A /* RAVTableControllerListModelMemory+RAVAppCategory.m in Sources */ = {isa = PBXBuildFile; fileRef = 4936B2F21DA238270060B35A /* RAVTableControllerListModelMemory+RAVAppCategory.m */; };
		4936B30F1DA238270060B35A /* RAVTableControllerSectionModelMemory+RAVAppCategory.m in Sources */ = {isa = PBXBuildFile; fileRef = 4936B2F41DA238270060B35A /* RAVTableControllerSectionModelMemory+RAVAppCategory.m */; };
/* End PBXBuildFile section */

/* Begin PBXContainerItemProxy section */
		13B460BB19077B60008E953C /* PBXContainerItemProxy */ = {
			isa = PBXContainerItemProxy;
			containerPortal = 13B4608D19077B60008E953C /* Project object */;
			proxyType = 1;
			remoteGlobalIDString = 13B4609419077B60008E953C;
			remoteInfo = TableController;
		};
/* End PBXContainerItemProxy section */

/* Begin PBXCopyFilesBuildPhase section */
		137E931C19B87505006A8965 /* CopyFiles */ = {
			isa = PBXCopyFilesBuildPhase;
			buildActionMask = 2147483647;
			dstPath = "include/$(PRODUCT_NAME)";
			dstSubfolderSpec = 16;
			files = (
			);
			runOnlyForDeploymentPostprocessing = 0;
		};
/* End PBXCopyFilesBuildPhase section */

/* Begin PBXFileReference section */
		134419C81A35CCF700706E35 /* RAVTableController.podspec */ = {isa = PBXFileReference; fileEncoding = 4; lastKnownFileType = text; path = RAVTableController.podspec; sourceTree = "<group>"; };
		137E931E19B87505006A8965 /* libRavTableController.a */ = {isa = PBXFileReference; explicitFileType = archive.ar; includeInIndex = 0; path = libRavTableController.a; sourceTree = BUILT_PRODUCTS_DIR; };
		137E932819B87505006A8965 /* RavTableControllerTests.xctest */ = {isa = PBXFileReference; explicitFileType = wrapper.cfbundle; includeInIndex = 0; path = RavTableControllerTests.xctest; sourceTree = BUILT_PRODUCTS_DIR; };
		137E932B19B87505006A8965 /* Info.plist */ = {isa = PBXFileReference; lastKnownFileType = text.plist.xml; path = Info.plist; sourceTree = "<group>"; };
		1383DE09190A5B8100FEBAC0 /* RAVPetCell.h */ = {isa = PBXFileReference; fileEncoding = 4; lastKnownFileType = sourcecode.c.h; path = RAVPetCell.h; sourceTree = "<group>"; };
		1383DE0A190A5B8100FEBAC0 /* RAVPetCell.m */ = {isa = PBXFileReference; fileEncoding = 4; lastKnownFileType = sourcecode.c.objc; path = RAVPetCell.m; sourceTree = "<group>"; };
		1383DE0C190A5BBD00FEBAC0 /* RAVPetCell.xib */ = {isa = PBXFileReference; fileEncoding = 4; lastKnownFileType = file.xib; path = RAVPetCell.xib; sourceTree = "<group>"; };
		1383DE0E190A5C7500FEBAC0 /* RAVPetPresenter.h */ = {isa = PBXFileReference; fileEncoding = 4; lastKnownFileType = sourcecode.c.h; path = RAVPetPresenter.h; sourceTree = "<group>"; };
		1383DE0F190A5C7500FEBAC0 /* RAVPetPresenter.m */ = {isa = PBXFileReference; fileEncoding = 4; lastKnownFileType = sourcecode.c.objc; path = RAVPetPresenter.m; sourceTree = "<group>"; };
		1383DE11190A5D9F00FEBAC0 /* RAVExampleDataSource.h */ = {isa = PBXFileReference; fileEncoding = 4; lastKnownFileType = sourcecode.c.h; path = RAVExampleDataSource.h; sourceTree = "<group>"; };
		1383DE12190A5D9F00FEBAC0 /* RAVExampleDataSource.m */ = {isa = PBXFileReference; fileEncoding = 4; lastKnownFileType = sourcecode.c.objc; path = RAVExampleDataSource.m; sourceTree = "<group>"; };
		138F70EF1909155600F3338D /* EasyMapping.h */ = {isa = PBXFileReference; fileEncoding = 4; lastKnownFileType = sourcecode.c.h; path = EasyMapping.h; sourceTree = "<group>"; };
		138F70F01909155600F3338D /* EKFieldMapping.h */ = {isa = PBXFileReference; fileEncoding = 4; lastKnownFileType = sourcecode.c.h; path = EKFieldMapping.h; sourceTree = "<group>"; };
		138F70F11909155600F3338D /* EKFieldMapping.m */ = {isa = PBXFileReference; fileEncoding = 4; lastKnownFileType = sourcecode.c.objc; path = EKFieldMapping.m; sourceTree = "<group>"; };
		138F70F21909155600F3338D /* EKManagedObjectMapping.h */ = {isa = PBXFileReference; fileEncoding = 4; lastKnownFileType = sourcecode.c.h; path = EKManagedObjectMapping.h; sourceTree = "<group>"; };
		138F70F31909155600F3338D /* EKManagedObjectMapping.m */ = {isa = PBXFileReference; fileEncoding = 4; lastKnownFileType = sourcecode.c.objc; path = EKManagedObjectMapping.m; sourceTree = "<group>"; };
		138F70F41909155600F3338D /* EKMapper.h */ = {isa = PBXFileReference; fileEncoding = 4; lastKnownFileType = sourcecode.c.h; path = EKMapper.h; sourceTree = "<group>"; };
		138F70F51909155600F3338D /* EKMapper.m */ = {isa = PBXFileReference; fileEncoding = 4; lastKnownFileType = sourcecode.c.objc; path = EKMapper.m; sourceTree = "<group>"; };
		138F70F61909155600F3338D /* EKMappingBlocks.h */ = {isa = PBXFileReference; fileEncoding = 4; lastKnownFileType = sourcecode.c.h; path = EKMappingBlocks.h; sourceTree = "<group>"; };
		138F70F71909155600F3338D /* EKObjectMapping.h */ = {isa = PBXFileReference; fileEncoding = 4; lastKnownFileType = sourcecode.c.h; path = EKObjectMapping.h; sourceTree = "<group>"; };
		138F70F81909155600F3338D /* EKObjectMapping.m */ = {isa = PBXFileReference; fileEncoding = 4; lastKnownFileType = sourcecode.c.objc; path = EKObjectMapping.m; sourceTree = "<group>"; };
		138F70F91909155600F3338D /* EKPropertyHelper.h */ = {isa = PBXFileReference; fileEncoding = 4; lastKnownFileType = sourcecode.c.h; path = EKPropertyHelper.h; sourceTree = "<group>"; };
		138F70FA1909155600F3338D /* EKPropertyHelper.m */ = {isa = PBXFileReference; fileEncoding = 4; lastKnownFileType = sourcecode.c.objc; path = EKPropertyHelper.m; sourceTree = "<group>"; };
		138F70FB1909155600F3338D /* EKSerializer.h */ = {isa = PBXFileReference; fileEncoding = 4; lastKnownFileType = sourcecode.c.h; path = EKSerializer.h; sourceTree = "<group>"; };
		138F70FC1909155600F3338D /* EKSerializer.m */ = {isa = PBXFileReference; fileEncoding = 4; lastKnownFileType = sourcecode.c.objc; path = EKSerializer.m; sourceTree = "<group>"; };
		138F70FD1909155600F3338D /* EKTransformer.h */ = {isa = PBXFileReference; fileEncoding = 4; lastKnownFileType = sourcecode.c.h; path = EKTransformer.h; sourceTree = "<group>"; };
		138F70FE1909155600F3338D /* EKTransformer.m */ = {isa = PBXFileReference; fileEncoding = 4; lastKnownFileType = sourcecode.c.objc; path = EKTransformer.m; sourceTree = "<group>"; };
		138F7107190915C300F3338D /* Persons.plist */ = {isa = PBXFileReference; fileEncoding = 4; lastKnownFileType = text.plist.xml; path = Persons.plist; sourceTree = "<group>"; };
		138F71091909167600F3338D /* Pets.plist */ = {isa = PBXFileReference; fileEncoding = 4; lastKnownFileType = text.plist.xml; path = Pets.plist; sourceTree = "<group>"; };
		138F710B1909172000F3338D /* RAVPetModel.h */ = {isa = PBXFileReference; fileEncoding = 4; lastKnownFileType = sourcecode.c.h; path = RAVPetModel.h; sourceTree = "<group>"; };
		138F710C1909172000F3338D /* RAVPetModel.m */ = {isa = PBXFileReference; fileEncoding = 4; lastKnownFileType = sourcecode.c.objc; path = RAVPetModel.m; sourceTree = "<group>"; };
		138F710E1909174400F3338D /* RAVPersonModel.h */ = {isa = PBXFileReference; fileEncoding = 4; lastKnownFileType = sourcecode.c.h; path = RAVPersonModel.h; sourceTree = "<group>"; };
		138F710F1909174400F3338D /* RAVPersonModel.m */ = {isa = PBXFileReference; fileEncoding = 4; lastKnownFileType = sourcecode.c.objc; path = RAVPersonModel.m; sourceTree = "<group>"; };
		138F7112190917BD00F3338D /* RAVDataLoader.h */ = {isa = PBXFileReference; fileEncoding = 4; lastKnownFileType = sourcecode.c.h; path = RAVDataLoader.h; sourceTree = "<group>"; };
		138F7113190917BD00F3338D /* RAVDataLoader.m */ = {isa = PBXFileReference; fileEncoding = 4; lastKnownFileType = sourcecode.c.objc; path = RAVDataLoader.m; sourceTree = "<group>"; };
		138F7115190917DD00F3338D /* RAVMappingFactory.h */ = {isa = PBXFileReference; fileEncoding = 4; lastKnownFileType = sourcecode.c.h; path = RAVMappingFactory.h; sourceTree = "<group>"; };
		138F7116190917DD00F3338D /* RAVMappingFactory.m */ = {isa = PBXFileReference; fileEncoding = 4; lastKnownFileType = sourcecode.c.objc; path = RAVMappingFactory.m; sourceTree = "<group>"; };
		138F711B19091E2500F3338D /* RAVPersonCell.h */ = {isa = PBXFileReference; fileEncoding = 4; lastKnownFileType = sourcecode.c.h; path = RAVPersonCell.h; sourceTree = "<group>"; };
		138F711C19091E2500F3338D /* RAVPersonCell.m */ = {isa = PBXFileReference; fileEncoding = 4; lastKnownFileType = sourcecode.c.objc; path = RAVPersonCell.m; sourceTree = "<group>"; };
		138F711D19091E2500F3338D /* RAVPersonCell.xib */ = {isa = PBXFileReference; fileEncoding = 4; lastKnownFileType = file.xib; path = RAVPersonCell.xib; sourceTree = "<group>"; };
		138F712019091E5E00F3338D /* RAVCellBase.h */ = {isa = PBXFileReference; fileEncoding = 4; lastKnownFileType = sourcecode.c.h; path = RAVCellBase.h; sourceTree = "<group>"; };
		138F712119091E5E00F3338D /* RAVCellBase.m */ = {isa = PBXFileReference; fileEncoding = 4; lastKnownFileType = sourcecode.c.objc; path = RAVCellBase.m; sourceTree = "<group>"; };
		138F712319091EBB00F3338D /* NSObject+Runtime.h */ = {isa = PBXFileReference; fileEncoding = 4; lastKnownFileType = sourcecode.c.h; path = "NSObject+Runtime.h"; sourceTree = "<group>"; };
		138F712419091EBB00F3338D /* NSObject+Runtime.m */ = {isa = PBXFileReference; fileEncoding = 4; lastKnownFileType = sourcecode.c.objc; path = "NSObject+Runtime.m"; sourceTree = "<group>"; };
		138F71261909235C00F3338D /* RAVPersonPresenter.h */ = {isa = PBXFileReference; fileEncoding = 4; lastKnownFileType = sourcecode.c.h; path = RAVPersonPresenter.h; sourceTree = "<group>"; };
		138F71271909235C00F3338D /* RAVPersonPresenter.m */ = {isa = PBXFileReference; fileEncoding = 4; lastKnownFileType = sourcecode.c.objc; path = RAVPersonPresenter.m; sourceTree = "<group>"; };
		13A697831963BB1A00407D57 /* TCTPresenter.h */ = {isa = PBXFileReference; fileEncoding = 4; lastKnownFileType = sourcecode.c.h; path = TCTPresenter.h; sourceTree = "<group>"; };
		13A697841963BB1A00407D57 /* TCTPresenter.m */ = {isa = PBXFileReference; fileEncoding = 4; lastKnownFileType = sourcecode.c.objc; path = TCTPresenter.m; sourceTree = "<group>"; };
		13A697861963BB3E00407D57 /* TCTCellModel.h */ = {isa = PBXFileReference; fileEncoding = 4; lastKnownFileType = sourcecode.c.h; path = TCTCellModel.h; sourceTree = "<group>"; };
		13A697871963BB3E00407D57 /* TCTCellModel.m */ = {isa = PBXFileReference; fileEncoding = 4; lastKnownFileType = sourcecode.c.objc; path = TCTCellModel.m; sourceTree = "<group>"; };
		13A697891963BB5400407D57 /* TCTViewModel.h */ = {isa = PBXFileReference; fileEncoding = 4; lastKnownFileType = sourcecode.c.h; path = TCTViewModel.h; sourceTree = "<group>"; };
		13A6978A1963BB5400407D57 /* TCTViewModel.m */ = {isa = PBXFileReference; fileEncoding = 4; lastKnownFileType = sourcecode.c.objc; path = TCTViewModel.m; sourceTree = "<group>"; };
		13A6978C1963BB7C00407D57 /* TCTViewPresenter.h */ = {isa = PBXFileReference; fileEncoding = 4; lastKnownFileType = sourcecode.c.h; path = TCTViewPresenter.h; sourceTree = "<group>"; };
		13A6978D1963BB7C00407D57 /* TCTViewPresenter.m */ = {isa = PBXFileReference; fileEncoding = 4; lastKnownFileType = sourcecode.c.objc; path = TCTViewPresenter.m; sourceTree = "<group>"; };
		13A697901963BD2E00407D57 /* RAVTableControllerPresentersTests.m */ = {isa = PBXFileReference; fileEncoding = 4; lastKnownFileType = sourcecode.c.objc; path = RAVTableControllerPresentersTests.m; sourceTree = "<group>"; };
		13B4609519077B60008E953C /* TableController.app */ = {isa = PBXFileReference; explicitFileType = wrapper.application; includeInIndex = 0; path = TableController.app; sourceTree = BUILT_PRODUCTS_DIR; };
		13B4609819077B60008E953C /* Foundation.framework */ = {isa = PBXFileReference; lastKnownFileType = wrapper.framework; name = Foundation.framework; path = System/Library/Frameworks/Foundation.framework; sourceTree = SDKROOT; };
		13B4609A19077B60008E953C /* CoreGraphics.framework */ = {isa = PBXFileReference; lastKnownFileType = wrapper.framework; name = CoreGraphics.framework; path = System/Library/Frameworks/CoreGraphics.framework; sourceTree = SDKROOT; };
		13B4609C19077B60008E953C /* UIKit.framework */ = {isa = PBXFileReference; lastKnownFileType = wrapper.framework; name = UIKit.framework; path = System/Library/Frameworks/UIKit.framework; sourceTree = SDKROOT; };
		13B460A019077B60008E953C /* TableController-Info.plist */ = {isa = PBXFileReference; lastKnownFileType = text.plist.xml; path = "TableController-Info.plist"; sourceTree = "<group>"; };
		13B460A219077B60008E953C /* en */ = {isa = PBXFileReference; lastKnownFileType = text.plist.strings; name = en; path = en.lproj/InfoPlist.strings; sourceTree = "<group>"; };
		13B460A419077B60008E953C /* main.m */ = {isa = PBXFileReference; lastKnownFileType = sourcecode.c.objc; path = main.m; sourceTree = "<group>"; };
		13B460A619077B60008E953C /* TableController-Prefix.pch */ = {isa = PBXFileReference; lastKnownFileType = sourcecode.c.h; path = "TableController-Prefix.pch"; sourceTree = "<group>"; };
		13B460A719077B60008E953C /* RAVAppDelegate.h */ = {isa = PBXFileReference; lastKnownFileType = sourcecode.c.h; path = RAVAppDelegate.h; sourceTree = "<group>"; };
		13B460A819077B60008E953C /* RAVAppDelegate.m */ = {isa = PBXFileReference; lastKnownFileType = sourcecode.c.objc; path = RAVAppDelegate.m; sourceTree = "<group>"; };
		13B460AB19077B60008E953C /* Base */ = {isa = PBXFileReference; lastKnownFileType = file.storyboard; name = Base; path = Base.lproj/Main.storyboard; sourceTree = "<group>"; };
		13B460AD19077B60008E953C /* RAVViewController.h */ = {isa = PBXFileReference; lastKnownFileType = sourcecode.c.h; path = RAVViewController.h; sourceTree = "<group>"; };
		13B460AE19077B60008E953C /* RAVViewController.m */ = {isa = PBXFileReference; lastKnownFileType = sourcecode.c.objc; path = RAVViewController.m; sourceTree = "<group>"; };
		13B460B019077B60008E953C /* Images.xcassets */ = {isa = PBXFileReference; lastKnownFileType = folder.assetcatalog; path = Images.xcassets; sourceTree = "<group>"; };
		13B460B619077B60008E953C /* TableControllerTests.xctest */ = {isa = PBXFileReference; explicitFileType = wrapper.cfbundle; includeInIndex = 0; path = TableControllerTests.xctest; sourceTree = BUILT_PRODUCTS_DIR; };
		13B460B719077B60008E953C /* XCTest.framework */ = {isa = PBXFileReference; lastKnownFileType = wrapper.framework; name = XCTest.framework; path = Library/Frameworks/XCTest.framework; sourceTree = DEVELOPER_DIR; };
		13B460BF19077B60008E953C /* TableControllerTests-Info.plist */ = {isa = PBXFileReference; lastKnownFileType = text.plist.xml; path = "TableControllerTests-Info.plist"; sourceTree = "<group>"; };
		13B460C119077B60008E953C /* en */ = {isa = PBXFileReference; lastKnownFileType = text.plist.strings; name = en; path = en.lproj/InfoPlist.strings; sourceTree = "<group>"; };
		13B460C319077B60008E953C /* TableControllerTests.m */ = {isa = PBXFileReference; lastKnownFileType = sourcecode.c.objc; path = TableControllerTests.m; sourceTree = "<group>"; };
		4936B2AC1DA238270060B35A /* RAVCollectionViewController.h */ = {isa = PBXFileReference; fileEncoding = 4; lastKnownFileType = sourcecode.c.h; path = RAVCollectionViewController.h; sourceTree = "<group>"; };
		4936B2AD1DA238270060B35A /* RAVCollectionViewController.m */ = {isa = PBXFileReference; fileEncoding = 4; lastKnownFileType = sourcecode.c.objc; path = RAVCollectionViewController.m; sourceTree = "<group>"; };
		4936B2AE1DA238270060B35A /* RAVCollectionViewPresenter.h */ = {isa = PBXFileReference; fileEncoding = 4; lastKnownFileType = sourcecode.c.h; path = RAVCollectionViewPresenter.h; sourceTree = "<group>"; };
		4936B2AF1DA238270060B35A /* RAVCollectionViewPresenter.m */ = {isa = PBXFileReference; fileEncoding = 4; lastKnownFileType = sourcecode.c.objc; path = RAVCollectionViewPresenter.m; sourceTree = "<group>"; };
		4936B2B11DA238270060B35A /* NSArray+RAVSupport.h */ = {isa = PBXFileReference; fileEncoding = 4; lastKnownFileType = sourcecode.c.h; path = "NSArray+RAVSupport.h"; sourceTree = "<group>"; };
		4936B2B21DA238270060B35A /* NSArray+RAVSupport.m */ = {isa = PBXFileReference; fileEncoding = 4; lastKnownFileType = sourcecode.c.objc; path = "NSArray+RAVSupport.m"; sourceTree = "<group>"; };
		4936B2B31DA238270060B35A /* RAVPresenterP.h */ = {isa = PBXFileReference; fileEncoding = 4; lastKnownFileType = sourcecode.c.h; path = RAVPresenterP.h; sourceTree = "<group>"; };
		4936B2B41DA238270060B35A /* RAVPresentersStore.h */ = {isa = PBXFileReference; fileEncoding = 4; lastKnownFileType = sourcecode.c.h; path = RAVPresentersStore.h; sourceTree = "<group>"; };
		4936B2B51DA238270060B35A /* RAVPresentersStore.m */ = {isa = PBXFileReference; fileEncoding = 4; lastKnownFileType = sourcecode.c.objc; path = RAVPresentersStore.m; sourceTree = "<group>"; };
		4936B2B81DA238270060B35A /* RAVHorizontalViewController.h */ = {isa = PBXFileReference; fileEncoding = 4; lastKnownFileType = sourcecode.c.h; lineEnding = 0; path = RAVHorizontalViewController.h; sourceTree = "<group>"; xcLanguageSpecificationIdentifier = xcode.lang.objcpp; };
		4936B2B91DA238270060B35A /* RAVHorizontalViewController.m */ = {isa = PBXFileReference; fileEncoding = 4; lastKnownFileType = sourcecode.c.objc; lineEnding = 0; path = RAVHorizontalViewController.m; sourceTree = "<group>"; xcLanguageSpecificationIdentifier = xcode.lang.objc; };
		4936B2BA1DA238270060B35A /* RAVHorizontalViewPresenter.h */ = {isa = PBXFileReference; fileEncoding = 4; lastKnownFileType = sourcecode.c.h; lineEnding = 0; path = RAVHorizontalViewPresenter.h; sourceTree = "<group>"; xcLanguageSpecificationIdentifier = xcode.lang.objcpp; };
		4936B2BB1DA238270060B35A /* RAVHorizontalViewPresenter.m */ = {isa = PBXFileReference; fileEncoding = 4; lastKnownFileType = sourcecode.c.objc; lineEnding = 0; path = RAVHorizontalViewPresenter.m; sourceTree = "<group>"; xcLanguageSpecificationIdentifier = xcode.lang.objc; };
		4936B2BC1DA238270060B35A /* RAVCollectionViewFlowHorizontalLayout.h */ = {isa = PBXFileReference; fileEncoding = 4; lastKnownFileType = sourcecode.c.h; path = RAVCollectionViewFlowHorizontalLayout.h; sourceTree = "<group>"; };
		4936B2BD1DA238270060B35A /* RAVCollectionViewFlowHorizontalLayout.m */ = {isa = PBXFileReference; fileEncoding = 4; lastKnownFileType = sourcecode.c.objc; path = RAVCollectionViewFlowHorizontalLayout.m; sourceTree = "<group>"; };
		4936B2BE1DA238270060B35A /* RAVHorCollectionView.h */ = {isa = PBXFileReference; fileEncoding = 4; lastKnownFileType = sourcecode.c.h; path = RAVHorCollectionView.h; sourceTree = "<group>"; };
		4936B2BF1DA238270060B35A /* RAVHorCollectionView.m */ = {isa = PBXFileReference; fileEncoding = 4; lastKnownFileType = sourcecode.c.objc; path = RAVHorCollectionView.m; sourceTree = "<group>"; };
		4936B2C01DA238270060B35A /* RAVHorizontalView.h */ = {isa = PBXFileReference; fileEncoding = 4; lastKnownFileType = sourcecode.c.h; lineEnding = 0; path = RAVHorizontalView.h; sourceTree = "<group>"; xcLanguageSpecificationIdentifier = xcode.lang.objcpp; };
		4936B2C11DA238270060B35A /* RAVHorizontalView.m */ = {isa = PBXFileReference; fileEncoding = 4; lastKnownFileType = sourcecode.c.objc; lineEnding = 0; path = RAVHorizontalView.m; sourceTree = "<group>"; xcLanguageSpecificationIdentifier = xcode.lang.objc; };
		4936B2C31DA238270060B35A /* RAVCellActionsDelegateP.h */ = {isa = PBXFileReference; fileEncoding = 4; lastKnownFileType = sourcecode.c.h; path = RAVCellActionsDelegateP.h; sourceTree = "<group>"; };
		4936B2C41DA238270060B35A /* RAVCellPresenter.h */ = {isa = PBXFileReference; fileEncoding = 4; lastKnownFileType = sourcecode.c.h; path = RAVCellPresenter.h; sourceTree = "<group>"; };
		4936B2C51DA238270060B35A /* RAVCellPresenter.m */ = {isa = PBXFileReference; fileEncoding = 4; lastKnownFileType = sourcecode.c.objc; path = RAVCellPresenter.m; sourceTree = "<group>"; };
		4936B2C61DA238270060B35A /* RAVEditDelegateP.h */ = {isa = PBXFileReference; fileEncoding = 4; lastKnownFileType = sourcecode.c.h; path = RAVEditDelegateP.h; sourceTree = "<group>"; };
		4936B2C71DA238270060B35A /* RAVPresentersKit.h */ = {isa = PBXFileReference; fileEncoding = 4; lastKnownFileType = sourcecode.c.h; path = RAVPresentersKit.h; sourceTree = "<group>"; };
		4936B2C81DA238270060B35A /* RAVScrollViewDelegateP.h */ = {isa = PBXFileReference; fileEncoding = 4; lastKnownFileType = sourcecode.c.h; path = RAVScrollViewDelegateP.h; sourceTree = "<group>"; };
		4936B2C91DA238270060B35A /* RAVSectionFooterViewPresenter.h */ = {isa = PBXFileReference; fileEncoding = 4; lastKnownFileType = sourcecode.c.h; path = RAVSectionFooterViewPresenter.h; sourceTree = "<group>"; };
		4936B2CA1DA238270060B35A /* RAVSectionFooterViewPresenter.m */ = {isa = PBXFileReference; fileEncoding = 4; lastKnownFileType = sourcecode.c.objc; path = RAVSectionFooterViewPresenter.m; sourceTree = "<group>"; };
		4936B2CB1DA238270060B35A /* RAVSectionHeaderViewPresenter.h */ = {isa = PBXFileReference; fileEncoding = 4; lastKnownFileType = sourcecode.c.h; path = RAVSectionHeaderViewPresenter.h; sourceTree = "<group>"; };
		4936B2CC1DA238270060B35A /* RAVSectionHeaderViewPresenter.m */ = {isa = PBXFileReference; fileEncoding = 4; lastKnownFileType = sourcecode.c.objc; path = RAVSectionHeaderViewPresenter.m; sourceTree = "<group>"; };
		4936B2CD1DA238270060B35A /* RAVSectionIndexesDelegateP.h */ = {isa = PBXFileReference; fileEncoding = 4; lastKnownFileType = sourcecode.c.h; path = RAVSectionIndexesDelegateP.h; sourceTree = "<group>"; };
		4936B2CE1DA238270060B35A /* RAVSectionModelPresenterP.h */ = {isa = PBXFileReference; fileEncoding = 4; lastKnownFileType = sourcecode.c.h; path = RAVSectionModelPresenterP.h; sourceTree = "<group>"; };
		4936B2CF1DA238270060B35A /* RAVTableController.h */ = {isa = PBXFileReference; fileEncoding = 4; lastKnownFileType = sourcecode.c.h; path = RAVTableController.h; sourceTree = "<group>"; };
		4936B2D01DA238270060B35A /* RAVTableController.m */ = {isa = PBXFileReference; fileEncoding = 4; lastKnownFileType = sourcecode.c.objc; path = RAVTableController.m; sourceTree = "<group>"; };
		4936B2D11DA238270060B35A /* RAVTableController_Subclassing.h */ = {isa = PBXFileReference; fileEncoding = 4; lastKnownFileType = sourcecode.c.h; path = RAVTableController_Subclassing.h; sourceTree = "<group>"; };
		4936B2D21DA238270060B35A /* RAVTableControllerListModelMemory.h */ = {isa = PBXFileReference; fileEncoding = 4; lastKnownFileType = sourcecode.c.h; path = RAVTableControllerListModelMemory.h; sourceTree = "<group>"; };
		4936B2D31DA238270060B35A /* RAVTableControllerListModelMemory.m */ = {isa = PBXFileReference; fileEncoding = 4; lastKnownFileType = sourcecode.c.objc; path = RAVTableControllerListModelMemory.m; sourceTree = "<group>"; };
		4936B2D41DA238270060B35A /* RAVTableControllerListModelP.h */ = {isa = PBXFileReference; fileEncoding = 4; lastKnownFileType = sourcecode.c.h; path = RAVTableControllerListModelP.h; sourceTree = "<group>"; };
		4936B2D51DA238270060B35A /* RAVTableControllerSectionModelMemory.h */ = {isa = PBXFileReference; fileEncoding = 4; lastKnownFileType = sourcecode.c.h; path = RAVTableControllerSectionModelMemory.h; sourceTree = "<group>"; };
		4936B2D61DA238270060B35A /* RAVTableControllerSectionModelMemory.m */ = {isa = PBXFileReference; fileEncoding = 4; lastKnownFileType = sourcecode.c.objc; path = RAVTableControllerSectionModelMemory.m; sourceTree = "<group>"; };
		4936B2D71DA238270060B35A /* RAVTableControllerSectionModelP.h */ = {isa = PBXFileReference; fileEncoding = 4; lastKnownFileType = sourcecode.c.h; path = RAVTableControllerSectionModelP.h; sourceTree = "<group>"; };
		4936B2D91DA238270060B35A /* RAVSectionHeaderFooterViewPresenter.h */ = {isa = PBXFileReference; fileEncoding = 4; lastKnownFileType = sourcecode.c.h; path = RAVSectionHeaderFooterViewPresenter.h; sourceTree = "<group>"; };
		4936B2DA1DA238270060B35A /* RAVSectionHeaderFooterViewPresenter.m */ = {isa = PBXFileReference; fileEncoding = 4; lastKnownFileType = sourcecode.c.objc; path = RAVSectionHeaderFooterViewPresenter.m; sourceTree = "<group>"; };
		4936B2DB1DA238270060B35A /* RAVSingleModelCellPresenter.h */ = {isa = PBXFileReference; fileEncoding = 4; lastKnownFileType = sourcecode.c.h; path = RAVSingleModelCellPresenter.h; sourceTree = "<group>"; };
		4936B2DC1DA238270060B35A /* RAVSingleModelCellPresenter.m */ = {isa = PBXFileReference; fileEncoding = 4; lastKnownFileType = sourcecode.c.objc; path = RAVSingleModelCellPresenter.m; sourceTree = "<group>"; };
		4936B2DD1DA238270060B35A /* RAVSingleModelHeaderFooterViewPresenter.h */ = {isa = PBXFileReference; fileEncoding = 4; lastKnownFileType = sourcecode.c.h; path = RAVSingleModelHeaderFooterViewPresenter.h; sourceTree = "<group>"; };
		4936B2DE1DA238270060B35A /* RAVSingleModelHeaderFooterViewPresenter.m */ = {isa = PBXFileReference; fileEncoding = 4; lastKnownFileType = sourcecode.c.objc; path = RAVSingleModelHeaderFooterViewPresenter.m; sourceTree = "<group>"; };
		4936B2E11DA238270060B35A /* _RAVDelegatesPresenter.h */ = {isa = PBXFileReference; fileEncoding = 4; lastKnownFileType = sourcecode.c.h; path = _RAVDelegatesPresenter.h; sourceTree = "<group>"; };
		4936B2E21DA238270060B35A /* _RAVDelegatesPresenter.m */ = {isa = PBXFileReference; fileEncoding = 4; lastKnownFileType = sourcecode.c.objc; path = _RAVDelegatesPresenter.m; sourceTree = "<group>"; };
		4936B2E31DA238270060B35A /* RAVUPBlockBinding.h */ = {isa = PBXFileReference; fileEncoding = 4; lastKnownFileType = sourcecode.c.h; path = RAVUPBlockBinding.h; sourceTree = "<group>"; };
		4936B2E41DA238270060B35A /* RAVUPBlockBinding.m */ = {isa = PBXFileReference; fileEncoding = 4; lastKnownFileType = sourcecode.c.objc; path = RAVUPBlockBinding.m; sourceTree = "<group>"; };
		4936B2E51DA238270060B35A /* RAVUPCallbacksStore.h */ = {isa = PBXFileReference; fileEncoding = 4; lastKnownFileType = sourcecode.c.h; path = RAVUPCallbacksStore.h; sourceTree = "<group>"; };
		4936B2E61DA238270060B35A /* RAVUPCallbacksStore.m */ = {isa = PBXFileReference; fileEncoding = 4; lastKnownFileType = sourcecode.c.objc; path = RAVUPCallbacksStore.m; sourceTree = "<group>"; };
		4936B2E71DA238270060B35A /* RAVUPCellModelBinding.h */ = {isa = PBXFileReference; fileEncoding = 4; lastKnownFileType = sourcecode.c.h; path = RAVUPCellModelBinding.h; sourceTree = "<group>"; };
		4936B2E81DA238270060B35A /* RAVUPCellModelBinding.m */ = {isa = PBXFileReference; fileEncoding = 4; lastKnownFileType = sourcecode.c.objc; path = RAVUPCellModelBinding.m; sourceTree = "<group>"; };
		4936B2E91DA238270060B35A /* RAVUPDelegatesStore.h */ = {isa = PBXFileReference; fileEncoding = 4; lastKnownFileType = sourcecode.c.h; path = RAVUPDelegatesStore.h; sourceTree = "<group>"; };
		4936B2EA1DA238270060B35A /* RAVUPDelegatesStore.m */ = {isa = PBXFileReference; fileEncoding = 4; lastKnownFileType = sourcecode.c.objc; path = RAVUPDelegatesStore.m; sourceTree = "<group>"; };
		4936B2EB1DA238270060B35A /* RAVUPPresentersStore.h */ = {isa = PBXFileReference; fileEncoding = 4; lastKnownFileType = sourcecode.c.h; path = RAVUPPresentersStore.h; sourceTree = "<group>"; };
		4936B2EC1DA238270060B35A /* RAVUPPresentersStore.m */ = {isa = PBXFileReference; fileEncoding = 4; lastKnownFileType = sourcecode.c.objc; path = RAVUPPresentersStore.m; sourceTree = "<group>"; };
		4936B2ED1DA238270060B35A /* RAVManyModelCellsPresenter.h */ = {isa = PBXFileReference; fileEncoding = 4; lastKnownFileType = sourcecode.c.h; path = RAVManyModelCellsPresenter.h; sourceTree = "<group>"; };
		4936B2EE1DA238270060B35A /* RAVManyModelCellsPresenter.m */ = {isa = PBXFileReference; fileEncoding = 4; lastKnownFileType = sourcecode.c.objc; path = RAVManyModelCellsPresenter.m; sourceTree = "<group>"; };
		4936B2EF1DA238270060B35A /* RAVUniversalDataViewP.h */ = {isa = PBXFileReference; fileEncoding = 4; lastKnownFileType = sourcecode.c.h; path = RAVUniversalDataViewP.h; sourceTree = "<group>"; };
		4936B2F11DA238270060B35A /* RAVTableControllerListModelMemory+RAVAppCategory.h */ = {isa = PBXFileReference; fileEncoding = 4; lastKnownFileType = sourcecode.c.h; path = "RAVTableControllerListModelMemory+RAVAppCategory.h"; sourceTree = "<group>"; };
		4936B2F21DA238270060B35A /* RAVTableControllerListModelMemory+RAVAppCategory.m */ = {isa = PBXFileReference; fileEncoding = 4; lastKnownFileType = sourcecode.c.objc; path = "RAVTableControllerListModelMemory+RAVAppCategory.m"; sourceTree = "<group>"; };
		4936B2F31DA238270060B35A /* RAVTableControllerSectionModelMemory+RAVAppCategory.h */ = {isa = PBXFileReference; fileEncoding = 4; lastKnownFileType = sourcecode.c.h; path = "RAVTableControllerSectionModelMemory+RAVAppCategory.h"; sourceTree = "<group>"; };
		4936B2F41DA238270060B35A /* RAVTableControllerSectionModelMemory+RAVAppCategory.m */ = {isa = PBXFileReference; fileEncoding = 4; lastKnownFileType = sourcecode.c.objc; path = "RAVTableControllerSectionModelMemory+RAVAppCategory.m"; sourceTree = "<group>"; };
/* End PBXFileReference section */

/* Begin PBXFrameworksBuildPhase section */
		137E931B19B87505006A8965 /* Frameworks */ = {
			isa = PBXFrameworksBuildPhase;
			buildActionMask = 2147483647;
			files = (
			);
			runOnlyForDeploymentPostprocessing = 0;
		};
		137E932519B87505006A8965 /* Frameworks */ = {
			isa = PBXFrameworksBuildPhase;
			buildActionMask = 2147483647;
			files = (
			);
			runOnlyForDeploymentPostprocessing = 0;
		};
		13B4609219077B60008E953C /* Frameworks */ = {
			isa = PBXFrameworksBuildPhase;
			buildActionMask = 2147483647;
			files = (
				13B4609B19077B60008E953C /* CoreGraphics.framework in Frameworks */,
				13B4609D19077B60008E953C /* UIKit.framework in Frameworks */,
				13B4609919077B60008E953C /* Foundation.framework in Frameworks */,
			);
			runOnlyForDeploymentPostprocessing = 0;
		};
		13B460B319077B60008E953C /* Frameworks */ = {
			isa = PBXFrameworksBuildPhase;
			buildActionMask = 2147483647;
			files = (
				13B460B819077B60008E953C /* XCTest.framework in Frameworks */,
				13B460BA19077B60008E953C /* UIKit.framework in Frameworks */,
				13B460B919077B60008E953C /* Foundation.framework in Frameworks */,
			);
			runOnlyForDeploymentPostprocessing = 0;
		};
/* End PBXFrameworksBuildPhase section */

/* Begin PBXGroup section */
		137E932919B87505006A8965 /* RavTableControllerTests */ = {
			isa = PBXGroup;
			children = (
				137E932A19B87505006A8965 /* Supporting Files */,
			);
			path = RavTableControllerTests;
			sourceTree = "<group>";
		};
		137E932A19B87505006A8965 /* Supporting Files */ = {
			isa = PBXGroup;
			children = (
				137E932B19B87505006A8965 /* Info.plist */,
			);
			name = "Supporting Files";
			sourceTree = "<group>";
		};
		138F70EC190914A100F3338D /* example */ = {
			isa = PBXGroup;
			children = (
				138F711819091DDC00F3338D /* ui */,
				138F7111190917A300F3338D /* datasource */,
				138F71061909156D00F3338D /* resources */,
				138F70ED1909155600F3338D /* libs */,
				138F710B1909172000F3338D /* RAVPetModel.h */,
				138F710C1909172000F3338D /* RAVPetModel.m */,
				138F710E1909174400F3338D /* RAVPersonModel.h */,
				138F710F1909174400F3338D /* RAVPersonModel.m */,
			);
			path = example;
			sourceTree = "<group>";
		};
		138F70ED1909155600F3338D /* libs */ = {
			isa = PBXGroup;
			children = (
				138F712319091EBB00F3338D /* NSObject+Runtime.h */,
				138F712419091EBB00F3338D /* NSObject+Runtime.m */,
				138F70EE1909155600F3338D /* EasyMapping */,
			);
			path = libs;
			sourceTree = "<group>";
		};
		138F70EE1909155600F3338D /* EasyMapping */ = {
			isa = PBXGroup;
			children = (
				138F70EF1909155600F3338D /* EasyMapping.h */,
				138F70F01909155600F3338D /* EKFieldMapping.h */,
				138F70F11909155600F3338D /* EKFieldMapping.m */,
				138F70F21909155600F3338D /* EKManagedObjectMapping.h */,
				138F70F31909155600F3338D /* EKManagedObjectMapping.m */,
				138F70F41909155600F3338D /* EKMapper.h */,
				138F70F51909155600F3338D /* EKMapper.m */,
				138F70F61909155600F3338D /* EKMappingBlocks.h */,
				138F70F71909155600F3338D /* EKObjectMapping.h */,
				138F70F81909155600F3338D /* EKObjectMapping.m */,
				138F70F91909155600F3338D /* EKPropertyHelper.h */,
				138F70FA1909155600F3338D /* EKPropertyHelper.m */,
				138F70FB1909155600F3338D /* EKSerializer.h */,
				138F70FC1909155600F3338D /* EKSerializer.m */,
				138F70FD1909155600F3338D /* EKTransformer.h */,
				138F70FE1909155600F3338D /* EKTransformer.m */,
			);
			path = EasyMapping;
			sourceTree = "<group>";
		};
		138F71061909156D00F3338D /* resources */ = {
			isa = PBXGroup;
			children = (
				138F7107190915C300F3338D /* Persons.plist */,
				138F71091909167600F3338D /* Pets.plist */,
			);
			path = resources;
			sourceTree = "<group>";
		};
		138F7111190917A300F3338D /* datasource */ = {
			isa = PBXGroup;
			children = (
				138F7112190917BD00F3338D /* RAVDataLoader.h */,
				138F7113190917BD00F3338D /* RAVDataLoader.m */,
				138F7115190917DD00F3338D /* RAVMappingFactory.h */,
				138F7116190917DD00F3338D /* RAVMappingFactory.m */,
				1383DE11190A5D9F00FEBAC0 /* RAVExampleDataSource.h */,
				1383DE12190A5D9F00FEBAC0 /* RAVExampleDataSource.m */,
			);
			path = datasource;
			sourceTree = "<group>";
		};
		138F711819091DDC00F3338D /* ui */ = {
			isa = PBXGroup;
			children = (
				138F711919091DF200F3338D /* person */,
				138F711A19091DF200F3338D /* pet */,
				138F712019091E5E00F3338D /* RAVCellBase.h */,
				138F712119091E5E00F3338D /* RAVCellBase.m */,
			);
			path = ui;
			sourceTree = "<group>";
		};
		138F711919091DF200F3338D /* person */ = {
			isa = PBXGroup;
			children = (
				138F711B19091E2500F3338D /* RAVPersonCell.h */,
				138F711C19091E2500F3338D /* RAVPersonCell.m */,
				138F711D19091E2500F3338D /* RAVPersonCell.xib */,
				138F71261909235C00F3338D /* RAVPersonPresenter.h */,
				138F71271909235C00F3338D /* RAVPersonPresenter.m */,
			);
			path = person;
			sourceTree = "<group>";
		};
		138F711A19091DF200F3338D /* pet */ = {
			isa = PBXGroup;
			children = (
				1383DE09190A5B8100FEBAC0 /* RAVPetCell.h */,
				1383DE0A190A5B8100FEBAC0 /* RAVPetCell.m */,
				1383DE0C190A5BBD00FEBAC0 /* RAVPetCell.xib */,
				1383DE0E190A5C7500FEBAC0 /* RAVPetPresenter.h */,
				1383DE0F190A5C7500FEBAC0 /* RAVPetPresenter.m */,
			);
			path = pet;
			sourceTree = "<group>";
		};
		13A697821963BACF00407D57 /* support */ = {
			isa = PBXGroup;
			children = (
				13A697831963BB1A00407D57 /* TCTPresenter.h */,
				13A697841963BB1A00407D57 /* TCTPresenter.m */,
				13A697861963BB3E00407D57 /* TCTCellModel.h */,
				13A697871963BB3E00407D57 /* TCTCellModel.m */,
				13A697891963BB5400407D57 /* TCTViewModel.h */,
				13A6978A1963BB5400407D57 /* TCTViewModel.m */,
				13A6978C1963BB7C00407D57 /* TCTViewPresenter.h */,
				13A6978D1963BB7C00407D57 /* TCTViewPresenter.m */,
			);
			path = support;
			sourceTree = "<group>";
		};
		13B4608C19077B60008E953C = {
			isa = PBXGroup;
			children = (
				134419C81A35CCF700706E35 /* RAVTableController.podspec */,
				13B4609E19077B60008E953C /* TableController */,
				13B460BD19077B60008E953C /* TableControllerTests */,
				137E932919B87505006A8965 /* RavTableControllerTests */,
				13B4609719077B60008E953C /* Frameworks */,
				13B4609619077B60008E953C /* Products */,
			);
			sourceTree = "<group>";
		};
		13B4609619077B60008E953C /* Products */ = {
			isa = PBXGroup;
			children = (
				13B4609519077B60008E953C /* TableController.app */,
				13B460B619077B60008E953C /* TableControllerTests.xctest */,
				137E931E19B87505006A8965 /* libRavTableController.a */,
				137E932819B87505006A8965 /* RavTableControllerTests.xctest */,
			);
			name = Products;
			sourceTree = "<group>";
		};
		13B4609719077B60008E953C /* Frameworks */ = {
			isa = PBXGroup;
			children = (
				13B4609819077B60008E953C /* Foundation.framework */,
				13B4609A19077B60008E953C /* CoreGraphics.framework */,
				13B4609C19077B60008E953C /* UIKit.framework */,
				13B460B719077B60008E953C /* XCTest.framework */,
			);
			name = Frameworks;
			sourceTree = "<group>";
		};
		13B4609E19077B60008E953C /* TableController */ = {
			isa = PBXGroup;
			children = (
				138F70EC190914A100F3338D /* example */,
				13B460A719077B60008E953C /* RAVAppDelegate.h */,
				13B460A819077B60008E953C /* RAVAppDelegate.m */,
				4936B2AA1DA238270060B35A /* RAVPresentersKit */,
				13B460AA19077B60008E953C /* Main.storyboard */,
				13B460AD19077B60008E953C /* RAVViewController.h */,
				13B460AE19077B60008E953C /* RAVViewController.m */,
				13B460B019077B60008E953C /* Images.xcassets */,
				13B4609F19077B60008E953C /* Supporting Files */,
			);
			path = TableController;
			sourceTree = "<group>";
		};
		13B4609F19077B60008E953C /* Supporting Files */ = {
			isa = PBXGroup;
			children = (
				13B460A019077B60008E953C /* TableController-Info.plist */,
				13B460A119077B60008E953C /* InfoPlist.strings */,
				13B460A419077B60008E953C /* main.m */,
				13B460A619077B60008E953C /* TableController-Prefix.pch */,
			);
			name = "Supporting Files";
			sourceTree = "<group>";
		};
		13B460BD19077B60008E953C /* TableControllerTests */ = {
			isa = PBXGroup;
			children = (
				13A697821963BACF00407D57 /* support */,
				13B460C319077B60008E953C /* TableControllerTests.m */,
				13A697901963BD2E00407D57 /* RAVTableControllerPresentersTests.m */,
				13B460BE19077B60008E953C /* Supporting Files */,
			);
			path = TableControllerTests;
			sourceTree = "<group>";
		};
		13B460BE19077B60008E953C /* Supporting Files */ = {
			isa = PBXGroup;
			children = (
				13B460BF19077B60008E953C /* TableControllerTests-Info.plist */,
				13B460C019077B60008E953C /* InfoPlist.strings */,
			);
			name = "Supporting Files";
			sourceTree = "<group>";
		};
		4936B2AA1DA238270060B35A /* RAVPresentersKit */ = {
			isa = PBXGroup;
			children = (
				4936B2AB1DA238270060B35A /* CollectionViewPresenters */,
				4936B2B01DA238270060B35A /* Core */,
				4936B2B61DA238270060B35A /* HorizontalViewPresenters */,
				4936B2C21DA238270060B35A /* TableView */,
				4936B2F01DA238270060B35A /* utils */,
			);
			path = RAVPresentersKit;
			sourceTree = "<group>";
		};
		4936B2AB1DA238270060B35A /* CollectionViewPresenters */ = {
			isa = PBXGroup;
			children = (
				4936B2AC1DA238270060B35A /* RAVCollectionViewController.h */,
				4936B2AD1DA238270060B35A /* RAVCollectionViewController.m */,
				4936B2AE1DA238270060B35A /* RAVCollectionViewPresenter.h */,
				4936B2AF1DA238270060B35A /* RAVCollectionViewPresenter.m */,
			);
			path = CollectionViewPresenters;
			sourceTree = "<group>";
		};
		4936B2B01DA238270060B35A /* Core */ = {
			isa = PBXGroup;
			children = (
				4936B2B11DA238270060B35A /* NSArray+RAVSupport.h */,
				4936B2B21DA238270060B35A /* NSArray+RAVSupport.m */,
				4936B2B31DA238270060B35A /* RAVPresenterP.h */,
				4936B2B41DA238270060B35A /* RAVPresentersStore.h */,
				4936B2B51DA238270060B35A /* RAVPresentersStore.m */,
			);
			path = Core;
			sourceTree = "<group>";
		};
		4936B2B61DA238270060B35A /* HorizontalViewPresenters */ = {
			isa = PBXGroup;
			children = (
				4936B2B71DA238270060B35A /* controller */,
				4936B2BC1DA238270060B35A /* RAVCollectionViewFlowHorizontalLayout.h */,
				4936B2BD1DA238270060B35A /* RAVCollectionViewFlowHorizontalLayout.m */,
				4936B2BE1DA238270060B35A /* RAVHorCollectionView.h */,
				4936B2BF1DA238270060B35A /* RAVHorCollectionView.m */,
				4936B2C01DA238270060B35A /* RAVHorizontalView.h */,
				4936B2C11DA238270060B35A /* RAVHorizontalView.m */,
			);
			path = HorizontalViewPresenters;
			sourceTree = "<group>";
		};
		4936B2B71DA238270060B35A /* controller */ = {
			isa = PBXGroup;
			children = (
				4936B2B81DA238270060B35A /* RAVHorizontalViewController.h */,
				4936B2B91DA238270060B35A /* RAVHorizontalViewController.m */,
				4936B2BA1DA238270060B35A /* RAVHorizontalViewPresenter.h */,
				4936B2BB1DA238270060B35A /* RAVHorizontalViewPresenter.m */,
			);
			path = controller;
			sourceTree = "<group>";
		};
		4936B2C21DA238270060B35A /* TableView */ = {
			isa = PBXGroup;
			children = (
				4936B2C31DA238270060B35A /* RAVCellActionsDelegateP.h */,
				4936B2C41DA238270060B35A /* RAVCellPresenter.h */,
				4936B2C51DA238270060B35A /* RAVCellPresenter.m */,
				4936B2C61DA238270060B35A /* RAVEditDelegateP.h */,
				4936B2C71DA238270060B35A /* RAVPresentersKit.h */,
				4936B2C81DA238270060B35A /* RAVScrollViewDelegateP.h */,
				4936B2C91DA238270060B35A /* RAVSectionFooterViewPresenter.h */,
				4936B2CA1DA238270060B35A /* RAVSectionFooterViewPresenter.m */,
				4936B2CB1DA238270060B35A /* RAVSectionHeaderViewPresenter.h */,
				4936B2CC1DA238270060B35A /* RAVSectionHeaderViewPresenter.m */,
				4936B2CD1DA238270060B35A /* RAVSectionIndexesDelegateP.h */,
				4936B2CE1DA238270060B35A /* RAVSectionModelPresenterP.h */,
				4936B2CF1DA238270060B35A /* RAVTableController.h */,
				4936B2D01DA238270060B35A /* RAVTableController.m */,
				4936B2D11DA238270060B35A /* RAVTableController_Subclassing.h */,
				4936B2D21DA238270060B35A /* RAVTableControllerListModelMemory.h */,
				4936B2D31DA238270060B35A /* RAVTableControllerListModelMemory.m */,
				4936B2D41DA238270060B35A /* RAVTableControllerListModelP.h */,
				4936B2D51DA238270060B35A /* RAVTableControllerSectionModelMemory.h */,
				4936B2D61DA238270060B35A /* RAVTableControllerSectionModelMemory.m */,
				4936B2D71DA238270060B35A /* RAVTableControllerSectionModelP.h */,
				4936B2D81DA238270060B35A /* singleModelPresenter */,
				4936B2DF1DA238270060B35A /* universalPresenter */,
			);
			path = TableView;
			sourceTree = "<group>";
		};
		4936B2D81DA238270060B35A /* singleModelPresenter */ = {
			isa = PBXGroup;
			children = (
				4936B2D91DA238270060B35A /* RAVSectionHeaderFooterViewPresenter.h */,
				4936B2DA1DA238270060B35A /* RAVSectionHeaderFooterViewPresenter.m */,
				4936B2DB1DA238270060B35A /* RAVSingleModelCellPresenter.h */,
				4936B2DC1DA238270060B35A /* RAVSingleModelCellPresenter.m */,
				4936B2DD1DA238270060B35A /* RAVSingleModelHeaderFooterViewPresenter.h */,
				4936B2DE1DA238270060B35A /* RAVSingleModelHeaderFooterViewPresenter.m */,
			);
			path = singleModelPresenter;
			sourceTree = "<group>";
		};
		4936B2DF1DA238270060B35A /* universalPresenter */ = {
			isa = PBXGroup;
			children = (
				4936B2E01DA238270060B35A /* private */,
				4936B2ED1DA238270060B35A /* RAVManyModelCellsPresenter.h */,
				4936B2EE1DA238270060B35A /* RAVManyModelCellsPresenter.m */,
				4936B2EF1DA238270060B35A /* RAVUniversalDataViewP.h */,
			);
			path = universalPresenter;
			sourceTree = "<group>";
		};
		4936B2E01DA238270060B35A /* private */ = {
			isa = PBXGroup;
			children = (
				4936B2E11DA238270060B35A /* _RAVDelegatesPresenter.h */,
				4936B2E21DA238270060B35A /* _RAVDelegatesPresenter.m */,
				4936B2E31DA238270060B35A /* RAVUPBlockBinding.h */,
				4936B2E41DA238270060B35A /* RAVUPBlockBinding.m */,
				4936B2E51DA238270060B35A /* RAVUPCallbacksStore.h */,
				4936B2E61DA238270060B35A /* RAVUPCallbacksStore.m */,
				4936B2E71DA238270060B35A /* RAVUPCellModelBinding.h */,
				4936B2E81DA238270060B35A /* RAVUPCellModelBinding.m */,
				4936B2E91DA238270060B35A /* RAVUPDelegatesStore.h */,
				4936B2EA1DA238270060B35A /* RAVUPDelegatesStore.m */,
				4936B2EB1DA238270060B35A /* RAVUPPresentersStore.h */,
				4936B2EC1DA238270060B35A /* RAVUPPresentersStore.m */,
			);
			path = private;
			sourceTree = "<group>";
		};
		4936B2F01DA238270060B35A /* utils */ = {
			isa = PBXGroup;
			children = (
				4936B2F11DA238270060B35A /* RAVTableControllerListModelMemory+RAVAppCategory.h */,
				4936B2F21DA238270060B35A /* RAVTableControllerListModelMemory+RAVAppCategory.m */,
				4936B2F31DA238270060B35A /* RAVTableControllerSectionModelMemory+RAVAppCategory.h */,
				4936B2F41DA238270060B35A /* RAVTableControllerSectionModelMemory+RAVAppCategory.m */,
			);
			path = utils;
			sourceTree = "<group>";
		};
/* End PBXGroup section */

/* Begin PBXNativeTarget section */
		137E931D19B87505006A8965 /* RavTableController */ = {
			isa = PBXNativeTarget;
			buildConfigurationList = 137E933019B87505006A8965 /* Build configuration list for PBXNativeTarget "RavTableController" */;
			buildPhases = (
				137E931A19B87505006A8965 /* Sources */,
				137E931B19B87505006A8965 /* Frameworks */,
				137E931C19B87505006A8965 /* CopyFiles */,
			);
			buildRules = (
			);
			dependencies = (
			);
			name = RavTableController;
			productName = RavTableController;
			productReference = 137E931E19B87505006A8965 /* libRavTableController.a */;
			productType = "com.apple.product-type.library.static";
		};
		137E932719B87505006A8965 /* RavTableControllerTests */ = {
			isa = PBXNativeTarget;
			buildConfigurationList = 137E933119B87505006A8965 /* Build configuration list for PBXNativeTarget "RavTableControllerTests" */;
			buildPhases = (
				137E932419B87505006A8965 /* Sources */,
				137E932519B87505006A8965 /* Frameworks */,
				137E932619B87505006A8965 /* Resources */,
			);
			buildRules = (
			);
			dependencies = (
			);
			name = RavTableControllerTests;
			productName = RavTableControllerTests;
			productReference = 137E932819B87505006A8965 /* RavTableControllerTests.xctest */;
			productType = "com.apple.product-type.bundle.unit-test";
		};
		13B4609419077B60008E953C /* TableController */ = {
			isa = PBXNativeTarget;
			buildConfigurationList = 13B460C719077B60008E953C /* Build configuration list for PBXNativeTarget "TableController" */;
			buildPhases = (
				13B4609119077B60008E953C /* Sources */,
				13B4609219077B60008E953C /* Frameworks */,
				13B4609319077B60008E953C /* Resources */,
			);
			buildRules = (
			);
			dependencies = (
			);
			name = TableController;
			productName = TableController;
			productReference = 13B4609519077B60008E953C /* TableController.app */;
			productType = "com.apple.product-type.application";
		};
		13B460B519077B60008E953C /* TableControllerTests */ = {
			isa = PBXNativeTarget;
			buildConfigurationList = 13B460CA19077B60008E953C /* Build configuration list for PBXNativeTarget "TableControllerTests" */;
			buildPhases = (
				13B460B219077B60008E953C /* Sources */,
				13B460B319077B60008E953C /* Frameworks */,
				13B460B419077B60008E953C /* Resources */,
			);
			buildRules = (
			);
			dependencies = (
				13B460BC19077B60008E953C /* PBXTargetDependency */,
			);
			name = TableControllerTests;
			productName = TableControllerTests;
			productReference = 13B460B619077B60008E953C /* TableControllerTests.xctest */;
			productType = "com.apple.product-type.bundle.unit-test";
		};
/* End PBXNativeTarget section */

/* Begin PBXProject section */
		13B4608D19077B60008E953C /* Project object */ = {
			isa = PBXProject;
			attributes = {
				CLASSPREFIX = RAV;
				LastUpgradeCheck = 0800;
				ORGANIZATIONNAME = "Andrew Romanov";
				TargetAttributes = {
					137E931D19B87505006A8965 = {
						CreatedOnToolsVersion = 6.0;
					};
					137E932719B87505006A8965 = {
						CreatedOnToolsVersion = 6.0;
					};
					13B460B519077B60008E953C = {
						TestTargetID = 13B4609419077B60008E953C;
					};
				};
			};
			buildConfigurationList = 13B4609019077B60008E953C /* Build configuration list for PBXProject "TableController" */;
			compatibilityVersion = "Xcode 3.2";
			developmentRegion = English;
			hasScannedForEncodings = 0;
			knownRegions = (
				en,
				Base,
			);
			mainGroup = 13B4608C19077B60008E953C;
			productRefGroup = 13B4609619077B60008E953C /* Products */;
			projectDirPath = "";
			projectRoot = "";
			targets = (
				13B4609419077B60008E953C /* TableController */,
				13B460B519077B60008E953C /* TableControllerTests */,
				137E931D19B87505006A8965 /* RavTableController */,
				137E932719B87505006A8965 /* RavTableControllerTests */,
			);
		};
/* End PBXProject section */

/* Begin PBXResourcesBuildPhase section */
		137E932619B87505006A8965 /* Resources */ = {
			isa = PBXResourcesBuildPhase;
			buildActionMask = 2147483647;
			files = (
			);
			runOnlyForDeploymentPostprocessing = 0;
		};
		13B4609319077B60008E953C /* Resources */ = {
			isa = PBXResourcesBuildPhase;
			buildActionMask = 2147483647;
			files = (
				13B460B119077B60008E953C /* Images.xcassets in Resources */,
				138F7108190915C300F3338D /* Persons.plist in Resources */,
				13B460A319077B60008E953C /* InfoPlist.strings in Resources */,
				134419C91A35CCF700706E35 /* RAVTableController.podspec in Resources */,
				138F710A1909167600F3338D /* Pets.plist in Resources */,
				138F711F19091E2500F3338D /* RAVPersonCell.xib in Resources */,
				1383DE0D190A5BBD00FEBAC0 /* RAVPetCell.xib in Resources */,
				13B460AC19077B60008E953C /* Main.storyboard in Resources */,
			);
			runOnlyForDeploymentPostprocessing = 0;
		};
		13B460B419077B60008E953C /* Resources */ = {
			isa = PBXResourcesBuildPhase;
			buildActionMask = 2147483647;
			files = (
				13B460C219077B60008E953C /* InfoPlist.strings in Resources */,
			);
			runOnlyForDeploymentPostprocessing = 0;
		};
/* End PBXResourcesBuildPhase section */

/* Begin PBXSourcesBuildPhase section */
		137E931A19B87505006A8965 /* Sources */ = {
			isa = PBXSourcesBuildPhase;
			buildActionMask = 2147483647;
			files = (
			);
			runOnlyForDeploymentPostprocessing = 0;
		};
		137E932419B87505006A8965 /* Sources */ = {
			isa = PBXSourcesBuildPhase;
			buildActionMask = 2147483647;
			files = (
			);
			runOnlyForDeploymentPostprocessing = 0;
		};
		13B4609119077B60008E953C /* Sources */ = {
			isa = PBXSourcesBuildPhase;
			buildActionMask = 2147483647;
			files = (
				138F71041909155600F3338D /* EKSerializer.m in Sources */,
				4936B3071DA238270060B35A /* _RAVDelegatesPresenter.m in Sources */,
				138F711E19091E2500F3338D /* RAVPersonCell.m in Sources */,
				138F710D1909172000F3338D /* RAVPetModel.m in Sources */,
				4936B2FD1DA238270060B35A /* RAVHorizontalView.m in Sources */,
				4936B2F91DA238270060B35A /* RAVHorizontalViewController.m in Sources */,
				1383DE10190A5C7500FEBAC0 /* RAVPetPresenter.m in Sources */,
				138F712219091E5E00F3338D /* RAVCellBase.m in Sources */,
				4936B2FC1DA238270060B35A /* RAVHorCollectionView.m in Sources */,
				4936B30B1DA238270060B35A /* RAVUPDelegatesStore.m in Sources */,
				138F70FF1909155600F3338D /* EKFieldMapping.m in Sources */,
				138F71031909155600F3338D /* EKPropertyHelper.m in Sources */,
				4936B3091DA238270060B35A /* RAVUPCallbacksStore.m in Sources */,
				138F71001909155600F3338D /* EKManagedObjectMapping.m in Sources */,
				4936B2F71DA238270060B35A /* NSArray+RAVSupport.m in Sources */,
				1383DE0B190A5B8100FEBAC0 /* RAVPetCell.m in Sources */,
				4936B2FB1DA238270060B35A /* RAVCollectionViewFlowHorizontalLayout.m in Sources */,
				4936B2F61DA238270060B35A /* RAVCollectionViewPresenter.m in Sources */,
				13B460AF19077B60008E953C /* RAVViewController.m in Sources */,
				4936B30E1DA238270060B35A /* RAVTableControllerListModelMemory+RAVAppCategory.m in Sources */,
				4936B30F1DA238270060B35A /* RAVTableControllerSectionModelMemory+RAVAppCategory.m in Sources */,
				4936B3051DA238270060B35A /* RAVSingleModelCellPresenter.m in Sources */,
				4936B3081DA238270060B35A /* RAVUPBlockBinding.m in Sources */,
				4936B3041DA238270060B35A /* RAVSectionHeaderFooterViewPresenter.m in Sources */,
				13B460A919077B60008E953C /* RAVAppDelegate.m in Sources */,
				4936B2F51DA238270060B35A /* RAVCollectionViewController.m in Sources */,
				138F712519091EBB00F3338D /* NSObject+Runtime.m in Sources */,
				4936B30D1DA238270060B35A /* RAVManyModelCellsPresenter.m in Sources */,
				4936B30C1DA238270060B35A /* RAVUPPresentersStore.m in Sources */,
				4936B3061DA238270060B35A /* RAVSingleModelHeaderFooterViewPresenter.m in Sources */,
				138F71281909235C00F3338D /* RAVPersonPresenter.m in Sources */,
				138F71011909155600F3338D /* EKMapper.m in Sources */,
				4936B3001DA238270060B35A /* RAVSectionHeaderViewPresenter.m in Sources */,
				4936B2F81DA238270060B35A /* RAVPresentersStore.m in Sources */,
				138F7114190917BD00F3338D /* RAVDataLoader.m in Sources */,
				138F71051909155600F3338D /* EKTransformer.m in Sources */,
				4936B3031DA238270060B35A /* RAVTableControllerSectionModelMemory.m in Sources */,
				138F71101909174400F3338D /* RAVPersonModel.m in Sources */,
				4936B30A1DA238270060B35A /* RAVUPCellModelBinding.m in Sources */,
				1383DE13190A5D9F00FEBAC0 /* RAVExampleDataSource.m in Sources */,
				4936B2FF1DA238270060B35A /* RAVSectionFooterViewPresenter.m in Sources */,
				4936B2FA1DA238270060B35A /* RAVHorizontalViewPresenter.m in Sources */,
				4936B3021DA238270060B35A /* RAVTableControllerListModelMemory.m in Sources */,
				138F71021909155600F3338D /* EKObjectMapping.m in Sources */,
				4936B3011DA238270060B35A /* RAVTableController.m in Sources */,
				4936B2FE1DA238270060B35A /* RAVCellPresenter.m in Sources */,
				13B460A519077B60008E953C /* main.m in Sources */,
				138F7117190917DD00F3338D /* RAVMappingFactory.m in Sources */,
			);
			runOnlyForDeploymentPostprocessing = 0;
		};
		13B460B219077B60008E953C /* Sources */ = {
			isa = PBXSourcesBuildPhase;
			buildActionMask = 2147483647;
			files = (
				13A6978E1963BB7C00407D57 /* TCTViewPresenter.m in Sources */,
				13A6978B1963BB5400407D57 /* TCTViewModel.m in Sources */,
				13A697851963BB1A00407D57 /* TCTPresenter.m in Sources */,
				13A697881963BB3E00407D57 /* TCTCellModel.m in Sources */,
				13B460C419077B60008E953C /* TableControllerTests.m in Sources */,
				13A697911963BD2E00407D57 /* RAVTableControllerPresentersTests.m in Sources */,
			);
			runOnlyForDeploymentPostprocessing = 0;
		};
/* End PBXSourcesBuildPhase section */

/* Begin PBXTargetDependency section */
		13B460BC19077B60008E953C /* PBXTargetDependency */ = {
			isa = PBXTargetDependency;
			target = 13B4609419077B60008E953C /* TableController */;
			targetProxy = 13B460BB19077B60008E953C /* PBXContainerItemProxy */;
		};
/* End PBXTargetDependency section */

/* Begin PBXVariantGroup section */
		13B460A119077B60008E953C /* InfoPlist.strings */ = {
			isa = PBXVariantGroup;
			children = (
				13B460A219077B60008E953C /* en */,
			);
			name = InfoPlist.strings;
			sourceTree = "<group>";
		};
		13B460AA19077B60008E953C /* Main.storyboard */ = {
			isa = PBXVariantGroup;
			children = (
				13B460AB19077B60008E953C /* Base */,
			);
			name = Main.storyboard;
			sourceTree = "<group>";
		};
		13B460C019077B60008E953C /* InfoPlist.strings */ = {
			isa = PBXVariantGroup;
			children = (
				13B460C119077B60008E953C /* en */,
			);
			name = InfoPlist.strings;
			sourceTree = "<group>";
		};
/* End PBXVariantGroup section */

/* Begin XCBuildConfiguration section */
		137E932C19B87505006A8965 /* Debug */ = {
			isa = XCBuildConfiguration;
			buildSettings = {
				CLANG_WARN_UNREACHABLE_CODE = YES;
				ENABLE_STRICT_OBJC_MSGSEND = YES;
				GCC_PREPROCESSOR_DEFINITIONS = (
					"DEBUG=1",
					"$(inherited)",
				);
				IPHONEOS_DEPLOYMENT_TARGET = 8.0;
				MTL_ENABLE_DEBUG_INFO = YES;
				OTHER_LDFLAGS = "-ObjC";
				PRODUCT_NAME = "$(TARGET_NAME)";
				SKIP_INSTALL = YES;
			};
			name = Debug;
		};
		137E932D19B87505006A8965 /* Release */ = {
			isa = XCBuildConfiguration;
			buildSettings = {
				CLANG_WARN_UNREACHABLE_CODE = YES;
				ENABLE_STRICT_OBJC_MSGSEND = YES;
				IPHONEOS_DEPLOYMENT_TARGET = 8.0;
				MTL_ENABLE_DEBUG_INFO = NO;
				OTHER_LDFLAGS = "-ObjC";
				PRODUCT_NAME = "$(TARGET_NAME)";
				SKIP_INSTALL = YES;
			};
			name = Release;
		};
		137E932E19B87505006A8965 /* Debug */ = {
			isa = XCBuildConfiguration;
			buildSettings = {
				CLANG_WARN_UNREACHABLE_CODE = YES;
				ENABLE_STRICT_OBJC_MSGSEND = YES;
				FRAMEWORK_SEARCH_PATHS = (
					"$(SDKROOT)/Developer/Library/Frameworks",
					"$(inherited)",
				);
				GCC_PREPROCESSOR_DEFINITIONS = (
					"DEBUG=1",
					"$(inherited)",
				);
				INFOPLIST_FILE = RavTableControllerTests/Info.plist;
				IPHONEOS_DEPLOYMENT_TARGET = 8.0;
				LD_RUNPATH_SEARCH_PATHS = "$(inherited) @executable_path/Frameworks @loader_path/Frameworks";
				MTL_ENABLE_DEBUG_INFO = YES;
				PRODUCT_BUNDLE_IDENTIFIER = "AndrewRomanov.$(PRODUCT_NAME:rfc1034identifier)";
				PRODUCT_NAME = "$(TARGET_NAME)";
			};
			name = Debug;
		};
		137E932F19B87505006A8965 /* Release */ = {
			isa = XCBuildConfiguration;
			buildSettings = {
				CLANG_WARN_UNREACHABLE_CODE = YES;
				ENABLE_STRICT_OBJC_MSGSEND = YES;
				FRAMEWORK_SEARCH_PATHS = (
					"$(SDKROOT)/Developer/Library/Frameworks",
					"$(inherited)",
				);
				INFOPLIST_FILE = RavTableControllerTests/Info.plist;
				IPHONEOS_DEPLOYMENT_TARGET = 8.0;
				LD_RUNPATH_SEARCH_PATHS = "$(inherited) @executable_path/Frameworks @loader_path/Frameworks";
				MTL_ENABLE_DEBUG_INFO = NO;
				PRODUCT_BUNDLE_IDENTIFIER = "AndrewRomanov.$(PRODUCT_NAME:rfc1034identifier)";
				PRODUCT_NAME = "$(TARGET_NAME)";
			};
			name = Release;
		};
		13B460C519077B60008E953C /* Debug */ = {
			isa = XCBuildConfiguration;
			buildSettings = {
				ALWAYS_SEARCH_USER_PATHS = NO;
				CLANG_CXX_LANGUAGE_STANDARD = "gnu++0x";
				CLANG_CXX_LIBRARY = "libc++";
				CLANG_ENABLE_MODULES = YES;
				CLANG_ENABLE_OBJC_ARC = YES;
				CLANG_WARN_BOOL_CONVERSION = YES;
				CLANG_WARN_CONSTANT_CONVERSION = YES;
				CLANG_WARN_DIRECT_OBJC_ISA_USAGE = YES_ERROR;
				CLANG_WARN_EMPTY_BODY = YES;
				CLANG_WARN_ENUM_CONVERSION = YES;
				CLANG_WARN_INFINITE_RECURSION = YES;
				CLANG_WARN_INT_CONVERSION = YES;
				CLANG_WARN_OBJC_ROOT_CLASS = YES_ERROR;
				CLANG_WARN_SUSPICIOUS_MOVE = YES;
				CLANG_WARN_UNREACHABLE_CODE = YES;
				CLANG_WARN__DUPLICATE_METHOD_MATCH = YES;
				"CODE_SIGN_IDENTITY[sdk=iphoneos*]" = "iPhone Developer";
				COPY_PHASE_STRIP = NO;
				ENABLE_STRICT_OBJC_MSGSEND = YES;
				ENABLE_TESTABILITY = YES;
				GCC_C_LANGUAGE_STANDARD = gnu99;
				GCC_DYNAMIC_NO_PIC = NO;
				GCC_NO_COMMON_BLOCKS = YES;
				GCC_OPTIMIZATION_LEVEL = 0;
				GCC_PREPROCESSOR_DEFINITIONS = (
					"DEBUG=1",
					"$(inherited)",
				);
				GCC_SYMBOLS_PRIVATE_EXTERN = NO;
				GCC_WARN_64_TO_32_BIT_CONVERSION = YES;
				GCC_WARN_ABOUT_RETURN_TYPE = YES_ERROR;
				GCC_WARN_UNDECLARED_SELECTOR = YES;
				GCC_WARN_UNINITIALIZED_AUTOS = YES_AGGRESSIVE;
				GCC_WARN_UNUSED_FUNCTION = YES;
				GCC_WARN_UNUSED_VARIABLE = YES;
				IPHONEOS_DEPLOYMENT_TARGET = 8.0;
				ONLY_ACTIVE_ARCH = YES;
				SDKROOT = iphoneos;
			};
			name = Debug;
		};
		13B460C619077B60008E953C /* Release */ = {
			isa = XCBuildConfiguration;
			buildSettings = {
				ALWAYS_SEARCH_USER_PATHS = NO;
				CLANG_CXX_LANGUAGE_STANDARD = "gnu++0x";
				CLANG_CXX_LIBRARY = "libc++";
				CLANG_ENABLE_MODULES = YES;
				CLANG_ENABLE_OBJC_ARC = YES;
				CLANG_WARN_BOOL_CONVERSION = YES;
				CLANG_WARN_CONSTANT_CONVERSION = YES;
				CLANG_WARN_DIRECT_OBJC_ISA_USAGE = YES_ERROR;
				CLANG_WARN_EMPTY_BODY = YES;
				CLANG_WARN_ENUM_CONVERSION = YES;
				CLANG_WARN_INFINITE_RECURSION = YES;
				CLANG_WARN_INT_CONVERSION = YES;
				CLANG_WARN_OBJC_ROOT_CLASS = YES_ERROR;
				CLANG_WARN_SUSPICIOUS_MOVE = YES;
				CLANG_WARN_UNREACHABLE_CODE = YES;
				CLANG_WARN__DUPLICATE_METHOD_MATCH = YES;
				"CODE_SIGN_IDENTITY[sdk=iphoneos*]" = "iPhone Developer";
				COPY_PHASE_STRIP = YES;
				ENABLE_NS_ASSERTIONS = NO;
				ENABLE_STRICT_OBJC_MSGSEND = YES;
				GCC_C_LANGUAGE_STANDARD = gnu99;
				GCC_NO_COMMON_BLOCKS = YES;
				GCC_WARN_64_TO_32_BIT_CONVERSION = YES;
				GCC_WARN_ABOUT_RETURN_TYPE = YES_ERROR;
				GCC_WARN_UNDECLARED_SELECTOR = YES;
				GCC_WARN_UNINITIALIZED_AUTOS = YES_AGGRESSIVE;
				GCC_WARN_UNUSED_FUNCTION = YES;
				GCC_WARN_UNUSED_VARIABLE = YES;
				IPHONEOS_DEPLOYMENT_TARGET = 8.0;
				SDKROOT = iphoneos;
				VALIDATE_PRODUCT = YES;
			};
			name = Release;
		};
		13B460C819077B60008E953C /* Debug */ = {
			isa = XCBuildConfiguration;
			buildSettings = {
				ASSETCATALOG_COMPILER_APPICON_NAME = AppIcon;
				ASSETCATALOG_COMPILER_LAUNCHIMAGE_NAME = LaunchImage;
				GCC_PRECOMPILE_PREFIX_HEADER = YES;
				GCC_PREFIX_HEADER = "TableController/TableController-Prefix.pch";
				INFOPLIST_FILE = "TableController/TableController-Info.plist";
				PRODUCT_BUNDLE_IDENTIFIER = "Home.${PRODUCT_NAME:rfc1034identifier}";
				PRODUCT_NAME = "$(TARGET_NAME)";
				WRAPPER_EXTENSION = app;
			};
			name = Debug;
		};
		13B460C919077B60008E953C /* Release */ = {
			isa = XCBuildConfiguration;
			buildSettings = {
				ASSETCATALOG_COMPILER_APPICON_NAME = AppIcon;
				ASSETCATALOG_COMPILER_LAUNCHIMAGE_NAME = LaunchImage;
				GCC_PRECOMPILE_PREFIX_HEADER = YES;
				GCC_PREFIX_HEADER = "TableController/TableController-Prefix.pch";
				INFOPLIST_FILE = "TableController/TableController-Info.plist";
				PRODUCT_BUNDLE_IDENTIFIER = "Home.${PRODUCT_NAME:rfc1034identifier}";
				PRODUCT_NAME = "$(TARGET_NAME)";
				WRAPPER_EXTENSION = app;
			};
			name = Release;
		};
		13B460CB19077B60008E953C /* Debug */ = {
			isa = XCBuildConfiguration;
			buildSettings = {
				BUNDLE_LOADER = "$(BUILT_PRODUCTS_DIR)/TableController.app/TableController";
				FRAMEWORK_SEARCH_PATHS = (
					"$(SDKROOT)/Developer/Library/Frameworks",
					"$(inherited)",
					"$(DEVELOPER_FRAMEWORKS_DIR)",
				);
				GCC_PRECOMPILE_PREFIX_HEADER = YES;
				GCC_PREFIX_HEADER = "TableController/TableController-Prefix.pch";
				GCC_PREPROCESSOR_DEFINITIONS = (
					"DEBUG=1",
					"$(inherited)",
				);
				INFOPLIST_FILE = "TableControllerTests/TableControllerTests-Info.plist";
				PRODUCT_BUNDLE_IDENTIFIER = "Home.${PRODUCT_NAME:rfc1034identifier}";
				PRODUCT_NAME = "$(TARGET_NAME)";
				TEST_HOST = "$(BUNDLE_LOADER)";
				WRAPPER_EXTENSION = xctest;
			};
			name = Debug;
		};
		13B460CC19077B60008E953C /* Release */ = {
			isa = XCBuildConfiguration;
			buildSettings = {
				BUNDLE_LOADER = "$(BUILT_PRODUCTS_DIR)/TableController.app/TableController";
				FRAMEWORK_SEARCH_PATHS = (
					"$(SDKROOT)/Developer/Library/Frameworks",
					"$(inherited)",
					"$(DEVELOPER_FRAMEWORKS_DIR)",
				);
				GCC_PRECOMPILE_PREFIX_HEADER = YES;
				GCC_PREFIX_HEADER = "TableController/TableController-Prefix.pch";
				INFOPLIST_FILE = "TableControllerTests/TableControllerTests-Info.plist";
				PRODUCT_BUNDLE_IDENTIFIER = "Home.${PRODUCT_NAME:rfc1034identifier}";
				PRODUCT_NAME = "$(TARGET_NAME)";
				TEST_HOST = "$(BUNDLE_LOADER)";
				WRAPPER_EXTENSION = xctest;
			};
			name = Release;
		};
/* End XCBuildConfiguration section */

/* Begin XCConfigurationList section */
		137E933019B87505006A8965 /* Build configuration list for PBXNativeTarget "RavTableController" */ = {
			isa = XCConfigurationList;
			buildConfigurations = (
				137E932C19B87505006A8965 /* Debug */,
				137E932D19B87505006A8965 /* Release */,
			);
			defaultConfigurationIsVisible = 0;
			defaultConfigurationName = Release;
		};
		137E933119B87505006A8965 /* Build configuration list for PBXNativeTarget "RavTableControllerTests" */ = {
			isa = XCConfigurationList;
			buildConfigurations = (
				137E932E19B87505006A8965 /* Debug */,
				137E932F19B87505006A8965 /* Release */,
			);
			defaultConfigurationIsVisible = 0;
			defaultConfigurationName = Release;
		};
		13B4609019077B60008E953C /* Build configuration list for PBXProject "TableController" */ = {
			isa = XCConfigurationList;
			buildConfigurations = (
				13B460C519077B60008E953C /* Debug */,
				13B460C619077B60008E953C /* Release */,
			);
			defaultConfigurationIsVisible = 0;
			defaultConfigurationName = Release;
		};
		13B460C719077B60008E953C /* Build configuration list for PBXNativeTarget "TableController" */ = {
			isa = XCConfigurationList;
			buildConfigurations = (
				13B460C819077B60008E953C /* Debug */,
				13B460C919077B60008E953C /* Release */,
			);
			defaultConfigurationIsVisible = 0;
			defaultConfigurationName = Release;
		};
		13B460CA19077B60008E953C /* Build configuration list for PBXNativeTarget "TableControllerTests" */ = {
			isa = XCConfigurationList;
			buildConfigurations = (
				13B460CB19077B60008E953C /* Debug */,
				13B460CC19077B60008E953C /* Release */,
			);
			defaultConfigurationIsVisible = 0;
			defaultConfigurationName = Release;
		};
/* End XCConfigurationList section */
	};
	rootObject = 13B4608D19077B60008E953C /* Project object */;
}
